
Microsoft Visual Studio Solution File, Format Version 12.00
# Visual Studio 14
VisualStudioVersion = 14.0.25420.1
MinimumVisualStudioVersion = 10.0.40219.1
Project("{FAE04EC0-301F-11D3-BF4B-00C04F79EFBC}") = "Lab01", "Lab01\Lab01.csproj", "{224FA461-B089-4896-A0D1-3DD140604544}"
EndProject
Project("{FAE04EC0-301F-11D3-BF4B-00C04F79EFBC}") = "Lab02", "Lab02\Lab02.csproj", "{FC47F5B9-2D70-42CA-A0D6-C76131D3F98B}"
EndProject
Project("{FAE04EC0-301F-11D3-BF4B-00C04F79EFBC}") = "Lab03", "Lab03\Lab03.csproj", "{07991C94-B934-4865-A1C0-227FF321192C}"
EndProject
Project("{FAE04EC0-301F-11D3-BF4B-00C04F79EFBC}") = "Lab04", "Lab04\Lab04.csproj", "{6BB11F78-9895-4D1D-B9BE-ED83F2D298EA}"
EndProject
Project("{FAE04EC0-301F-11D3-BF4B-00C04F79EFBC}") = "Lab05", "Lab05\Lab05.csproj", "{6A7DB3FE-3954-424F-9554-FE4AFF1D3F98}"
EndProject
Project("{FAE04EC0-301F-11D3-BF4B-00C04F79EFBC}") = "Lab05_Assignment_9_10", "Lab05_Assignment_9_10\Lab05_Assignment_9_10.csproj", "{F35FBE4A-4E2B-4FDE-9853-423546DB27BB}"
EndProject
Project("{FAE04EC0-301F-11D3-BF4B-00C04F79EFBC}") = "Lab06", "Lab06\Lab06.csproj", "{917CA011-A4AE-4B85-920E-96200CDC0D81}"
EndProject
Project("{FAE04EC0-301F-11D3-BF4B-00C04F79EFBC}") = "Lab07", "Lab07\Lab07.csproj", "{15C34DCA-C521-4BF9-B188-A88373C985A6}"
EndProject
Project("{FAE04EC0-301F-11D3-BF4B-00C04F79EFBC}") = "Lab08", "Lab08\Lab08.csproj", "{E3DF3524-D8FE-4775-ACD5-BA5629EB42BB}"
EndProject
Project("{FAE04EC0-301F-11D3-BF4B-00C04F79EFBC}") = "Lab08.Tests", "Lab08.Tests\Lab08.Tests.csproj", "{A2253402-8DAE-4C4E-8BBF-EB30DA02B47D}"
EndProject
Project("{FAE04EC0-301F-11D3-BF4B-00C04F79EFBC}") = "Sales", "Sales\Sales.csproj", "{D611D365-DD4E-4A5F-94EE-F5D4E60F255B}"
EndProject
Global
	GlobalSection(SolutionConfigurationPlatforms) = preSolution
		Debug|Any CPU = Debug|Any CPU
		Release|Any CPU = Release|Any CPU
	EndGlobalSection
	GlobalSection(ProjectConfigurationPlatforms) = postSolution
		{224FA461-B089-4896-A0D1-3DD140604544}.Debug|Any CPU.ActiveCfg = Debug|Any CPU
		{224FA461-B089-4896-A0D1-3DD140604544}.Debug|Any CPU.Build.0 = Debug|Any CPU
		{224FA461-B089-4896-A0D1-3DD140604544}.Release|Any CPU.ActiveCfg = Release|Any CPU
		{224FA461-B089-4896-A0D1-3DD140604544}.Release|Any CPU.Build.0 = Release|Any CPU
		{FC47F5B9-2D70-42CA-A0D6-C76131D3F98B}.Debug|Any CPU.ActiveCfg = Debug|Any CPU
		{FC47F5B9-2D70-42CA-A0D6-C76131D3F98B}.Debug|Any CPU.Build.0 = Debug|Any CPU
		{FC47F5B9-2D70-42CA-A0D6-C76131D3F98B}.Release|Any CPU.ActiveCfg = Release|Any CPU
		{FC47F5B9-2D70-42CA-A0D6-C76131D3F98B}.Release|Any CPU.Build.0 = Release|Any CPU
		{07991C94-B934-4865-A1C0-227FF321192C}.Debug|Any CPU.ActiveCfg = Debug|Any CPU
		{07991C94-B934-4865-A1C0-227FF321192C}.Debug|Any CPU.Build.0 = Debug|Any CPU
		{07991C94-B934-4865-A1C0-227FF321192C}.Release|Any CPU.ActiveCfg = Release|Any CPU
		{07991C94-B934-4865-A1C0-227FF321192C}.Release|Any CPU.Build.0 = Release|Any CPU
		{6BB11F78-9895-4D1D-B9BE-ED83F2D298EA}.Debug|Any CPU.ActiveCfg = Debug|Any CPU
		{6BB11F78-9895-4D1D-B9BE-ED83F2D298EA}.Debug|Any CPU.Build.0 = Debug|Any CPU
		{6BB11F78-9895-4D1D-B9BE-ED83F2D298EA}.Release|Any CPU.ActiveCfg = Release|Any CPU
		{6BB11F78-9895-4D1D-B9BE-ED83F2D298EA}.Release|Any CPU.Build.0 = Release|Any CPU
		{6A7DB3FE-3954-424F-9554-FE4AFF1D3F98}.Debug|Any CPU.ActiveCfg = Debug|Any CPU
		{6A7DB3FE-3954-424F-9554-FE4AFF1D3F98}.Debug|Any CPU.Build.0 = Debug|Any CPU
		{6A7DB3FE-3954-424F-9554-FE4AFF1D3F98}.Release|Any CPU.ActiveCfg = Release|Any CPU
		{6A7DB3FE-3954-424F-9554-FE4AFF1D3F98}.Release|Any CPU.Build.0 = Release|Any CPU
		{F35FBE4A-4E2B-4FDE-9853-423546DB27BB}.Debug|Any CPU.ActiveCfg = Debug|Any CPU
		{F35FBE4A-4E2B-4FDE-9853-423546DB27BB}.Debug|Any CPU.Build.0 = Debug|Any CPU
		{F35FBE4A-4E2B-4FDE-9853-423546DB27BB}.Debug|Any CPU.Deploy.0 = Debug|Any CPU
		{F35FBE4A-4E2B-4FDE-9853-423546DB27BB}.Release|Any CPU.ActiveCfg = Release|Any CPU
		{F35FBE4A-4E2B-4FDE-9853-423546DB27BB}.Release|Any CPU.Build.0 = Release|Any CPU
		{917CA011-A4AE-4B85-920E-96200CDC0D81}.Debug|Any CPU.ActiveCfg = Debug|Any CPU
		{917CA011-A4AE-4B85-920E-96200CDC0D81}.Debug|Any CPU.Build.0 = Debug|Any CPU
		{917CA011-A4AE-4B85-920E-96200CDC0D81}.Release|Any CPU.ActiveCfg = Release|Any CPU
		{917CA011-A4AE-4B85-920E-96200CDC0D81}.Release|Any CPU.Build.0 = Release|Any CPU
		{15C34DCA-C521-4BF9-B188-A88373C985A6}.Debug|Any CPU.ActiveCfg = Debug|Any CPU
		{15C34DCA-C521-4BF9-B188-A88373C985A6}.Debug|Any CPU.Build.0 = Debug|Any CPU
		{15C34DCA-C521-4BF9-B188-A88373C985A6}.Release|Any CPU.ActiveCfg = Release|Any CPU
		{15C34DCA-C521-4BF9-B188-A88373C985A6}.Release|Any CPU.Build.0 = Release|Any CPU
		{E3DF3524-D8FE-4775-ACD5-BA5629EB42BB}.Debug|Any CPU.ActiveCfg = Debug|Any CPU
		{E3DF3524-D8FE-4775-ACD5-BA5629EB42BB}.Debug|Any CPU.Build.0 = Debug|Any CPU
		{E3DF3524-D8FE-4775-ACD5-BA5629EB42BB}.Release|Any CPU.ActiveCfg = Release|Any CPU
		{E3DF3524-D8FE-4775-ACD5-BA5629EB42BB}.Release|Any CPU.Build.0 = Release|Any CPU
		{A2253402-8DAE-4C4E-8BBF-EB30DA02B47D}.Debug|Any CPU.ActiveCfg = Debug|Any CPU
		{A2253402-8DAE-4C4E-8BBF-EB30DA02B47D}.Debug|Any CPU.Build.0 = Debug|Any CPU
		{A2253402-8DAE-4C4E-8BBF-EB30DA02B47D}.Release|Any CPU.ActiveCfg = Release|Any CPU
		{A2253402-8DAE-4C4E-8BBF-EB30DA02B47D}.Release|Any CPU.Build.0 = Release|Any CPU
		{D611D365-DD4E-4A5F-94EE-F5D4E60F255B}.Debug|Any CPU.ActiveCfg = Debug|Any CPU
		{D611D365-DD4E-4A5F-94EE-F5D4E60F255B}.Debug|Any CPU.Build.0 = Debug|Any CPU
		{D611D365-DD4E-4A5F-94EE-F5D4E60F255B}.Release|Any CPU.ActiveCfg = Release|Any CPU
		{D611D365-DD4E-4A5F-94EE-F5D4E60F255B}.Release|Any CPU.Build.0 = Release|Any CPU
	EndGlobalSection
	GlobalSection(SolutionProperties) = preSolution
		HideSolutionNode = FALSE
	EndGlobalSection
EndGlobal
