
Microsoft Visual Studio Solution File, Format Version 12.00
# Visual Studio 2013
VisualStudioVersion = 12.0.31101.0
MinimumVisualStudioVersion = 10.0.40219.1
Project("{FAE04EC0-301F-11D3-BF4B-00C04F79EFBC}") = "Lab01", "Lab01\Lab01.csproj", "{77A3F32F-FC9F-4238-BFE1-ED26D0BDD735}"
EndProject
Project("{FAE04EC0-301F-11D3-BF4B-00C04F79EFBC}") = "Lab02", "Lab02\Lab02.csproj", "{8F04AB2D-DECB-46BC-8C1C-732B9853DB57}"
EndProject
Project("{FAE04EC0-301F-11D3-BF4B-00C04F79EFBC}") = "Lab03", "Lab03\Lab03.csproj", "{D4A9D52B-E95D-49AC-B07A-709A1D1D5E70}"
EndProject
Project("{FAE04EC0-301F-11D3-BF4B-00C04F79EFBC}") = "Lab03_Assignment04", "Lab03_Assignment04\Lab03_Assignment04.csproj", "{DEDF931E-1A4C-46FB-B500-597D84ACBAF1}"
EndProject
Project("{FAE04EC0-301F-11D3-BF4B-00C04F79EFBC}") = "Lab04", "Lab04\Lab04.csproj", "{200AD997-10F0-446E-B694-0A8C441EDFED}"
EndProject
Project("{FAE04EC0-301F-11D3-BF4B-00C04F79EFBC}") = "Lab04_Assignment05", "Lab04_Assignment05\Lab04_Assignment05.csproj", "{2E56899B-B4CD-4096-BEF2-FF65494B8B46}"
EndProject
Project("{FAE04EC0-301F-11D3-BF4B-00C04F79EFBC}") = "Lab05", "Lab05\Lab05.csproj", "{951BC937-FB77-4954-9491-014BA80256CF}"
EndProject
Project("{FAE04EC0-301F-11D3-BF4B-00C04F79EFBC}") = "Lab05_Assignment06", "Lab05_Assignment06\Lab05_Assignment06.csproj", "{A0625D72-05AF-4801-8048-84E9008E2B95}"
EndProject
Global
	GlobalSection(SolutionConfigurationPlatforms) = preSolution
		Debug|Any CPU = Debug|Any CPU
		Debug|ARM = Debug|ARM
		Debug|x86 = Debug|x86
		Release|Any CPU = Release|Any CPU
		Release|ARM = Release|ARM
		Release|x86 = Release|x86
	EndGlobalSection
	GlobalSection(ProjectConfigurationPlatforms) = postSolution
		{77A3F32F-FC9F-4238-BFE1-ED26D0BDD735}.Debug|Any CPU.ActiveCfg = Debug|Any CPU
		{77A3F32F-FC9F-4238-BFE1-ED26D0BDD735}.Debug|Any CPU.Build.0 = Debug|Any CPU
		{77A3F32F-FC9F-4238-BFE1-ED26D0BDD735}.Debug|Any CPU.Deploy.0 = Debug|Any CPU
		{77A3F32F-FC9F-4238-BFE1-ED26D0BDD735}.Debug|ARM.ActiveCfg = Debug|ARM
		{77A3F32F-FC9F-4238-BFE1-ED26D0BDD735}.Debug|ARM.Build.0 = Debug|ARM
		{77A3F32F-FC9F-4238-BFE1-ED26D0BDD735}.Debug|ARM.Deploy.0 = Debug|ARM
		{77A3F32F-FC9F-4238-BFE1-ED26D0BDD735}.Debug|x86.ActiveCfg = Debug|x86
		{77A3F32F-FC9F-4238-BFE1-ED26D0BDD735}.Debug|x86.Build.0 = Debug|x86
		{77A3F32F-FC9F-4238-BFE1-ED26D0BDD735}.Debug|x86.Deploy.0 = Debug|x86
		{77A3F32F-FC9F-4238-BFE1-ED26D0BDD735}.Release|Any CPU.ActiveCfg = Release|Any CPU
		{77A3F32F-FC9F-4238-BFE1-ED26D0BDD735}.Release|Any CPU.Build.0 = Release|Any CPU
		{77A3F32F-FC9F-4238-BFE1-ED26D0BDD735}.Release|Any CPU.Deploy.0 = Release|Any CPU
		{77A3F32F-FC9F-4238-BFE1-ED26D0BDD735}.Release|ARM.ActiveCfg = Release|ARM
		{77A3F32F-FC9F-4238-BFE1-ED26D0BDD735}.Release|ARM.Build.0 = Release|ARM
		{77A3F32F-FC9F-4238-BFE1-ED26D0BDD735}.Release|ARM.Deploy.0 = Release|ARM
		{77A3F32F-FC9F-4238-BFE1-ED26D0BDD735}.Release|x86.ActiveCfg = Release|x86
		{77A3F32F-FC9F-4238-BFE1-ED26D0BDD735}.Release|x86.Build.0 = Release|x86
		{77A3F32F-FC9F-4238-BFE1-ED26D0BDD735}.Release|x86.Deploy.0 = Release|x86
		{8F04AB2D-DECB-46BC-8C1C-732B9853DB57}.Debug|Any CPU.ActiveCfg = Debug|Any CPU
		{8F04AB2D-DECB-46BC-8C1C-732B9853DB57}.Debug|Any CPU.Build.0 = Debug|Any CPU
		{8F04AB2D-DECB-46BC-8C1C-732B9853DB57}.Debug|Any CPU.Deploy.0 = Debug|Any CPU
		{8F04AB2D-DECB-46BC-8C1C-732B9853DB57}.Debug|ARM.ActiveCfg = Debug|ARM
		{8F04AB2D-DECB-46BC-8C1C-732B9853DB57}.Debug|ARM.Build.0 = Debug|ARM
		{8F04AB2D-DECB-46BC-8C1C-732B9853DB57}.Debug|ARM.Deploy.0 = Debug|ARM
		{8F04AB2D-DECB-46BC-8C1C-732B9853DB57}.Debug|x86.ActiveCfg = Debug|x86
		{8F04AB2D-DECB-46BC-8C1C-732B9853DB57}.Debug|x86.Build.0 = Debug|x86
		{8F04AB2D-DECB-46BC-8C1C-732B9853DB57}.Debug|x86.Deploy.0 = Debug|x86
		{8F04AB2D-DECB-46BC-8C1C-732B9853DB57}.Release|Any CPU.ActiveCfg = Release|Any CPU
		{8F04AB2D-DECB-46BC-8C1C-732B9853DB57}.Release|Any CPU.Build.0 = Release|Any CPU
		{8F04AB2D-DECB-46BC-8C1C-732B9853DB57}.Release|Any CPU.Deploy.0 = Release|Any CPU
		{8F04AB2D-DECB-46BC-8C1C-732B9853DB57}.Release|ARM.ActiveCfg = Release|ARM
		{8F04AB2D-DECB-46BC-8C1C-732B9853DB57}.Release|ARM.Build.0 = Release|ARM
		{8F04AB2D-DECB-46BC-8C1C-732B9853DB57}.Release|ARM.Deploy.0 = Release|ARM
		{8F04AB2D-DECB-46BC-8C1C-732B9853DB57}.Release|x86.ActiveCfg = Release|x86
		{8F04AB2D-DECB-46BC-8C1C-732B9853DB57}.Release|x86.Build.0 = Release|x86
		{8F04AB2D-DECB-46BC-8C1C-732B9853DB57}.Release|x86.Deploy.0 = Release|x86
		{D4A9D52B-E95D-49AC-B07A-709A1D1D5E70}.Debug|Any CPU.ActiveCfg = Debug|Any CPU
		{D4A9D52B-E95D-49AC-B07A-709A1D1D5E70}.Debug|Any CPU.Build.0 = Debug|Any CPU
		{D4A9D52B-E95D-49AC-B07A-709A1D1D5E70}.Debug|Any CPU.Deploy.0 = Debug|Any CPU
		{D4A9D52B-E95D-49AC-B07A-709A1D1D5E70}.Debug|ARM.ActiveCfg = Debug|ARM
		{D4A9D52B-E95D-49AC-B07A-709A1D1D5E70}.Debug|ARM.Build.0 = Debug|ARM
		{D4A9D52B-E95D-49AC-B07A-709A1D1D5E70}.Debug|ARM.Deploy.0 = Debug|ARM
		{D4A9D52B-E95D-49AC-B07A-709A1D1D5E70}.Debug|x86.ActiveCfg = Debug|x86
		{D4A9D52B-E95D-49AC-B07A-709A1D1D5E70}.Debug|x86.Build.0 = Debug|x86
		{D4A9D52B-E95D-49AC-B07A-709A1D1D5E70}.Debug|x86.Deploy.0 = Debug|x86
		{D4A9D52B-E95D-49AC-B07A-709A1D1D5E70}.Release|Any CPU.ActiveCfg = Release|Any CPU
		{D4A9D52B-E95D-49AC-B07A-709A1D1D5E70}.Release|Any CPU.Build.0 = Release|Any CPU
		{D4A9D52B-E95D-49AC-B07A-709A1D1D5E70}.Release|Any CPU.Deploy.0 = Release|Any CPU
		{D4A9D52B-E95D-49AC-B07A-709A1D1D5E70}.Release|ARM.ActiveCfg = Release|ARM
		{D4A9D52B-E95D-49AC-B07A-709A1D1D5E70}.Release|ARM.Build.0 = Release|ARM
		{D4A9D52B-E95D-49AC-B07A-709A1D1D5E70}.Release|ARM.Deploy.0 = Release|ARM
		{D4A9D52B-E95D-49AC-B07A-709A1D1D5E70}.Release|x86.ActiveCfg = Release|x86
		{D4A9D52B-E95D-49AC-B07A-709A1D1D5E70}.Release|x86.Build.0 = Release|x86
		{D4A9D52B-E95D-49AC-B07A-709A1D1D5E70}.Release|x86.Deploy.0 = Release|x86
		{DEDF931E-1A4C-46FB-B500-597D84ACBAF1}.Debug|Any CPU.ActiveCfg = Debug|Any CPU
		{DEDF931E-1A4C-46FB-B500-597D84ACBAF1}.Debug|Any CPU.Build.0 = Debug|Any CPU
		{DEDF931E-1A4C-46FB-B500-597D84ACBAF1}.Debug|Any CPU.Deploy.0 = Debug|Any CPU
		{DEDF931E-1A4C-46FB-B500-597D84ACBAF1}.Debug|ARM.ActiveCfg = Debug|ARM
		{DEDF931E-1A4C-46FB-B500-597D84ACBAF1}.Debug|ARM.Build.0 = Debug|ARM
		{DEDF931E-1A4C-46FB-B500-597D84ACBAF1}.Debug|ARM.Deploy.0 = Debug|ARM
		{DEDF931E-1A4C-46FB-B500-597D84ACBAF1}.Debug|x86.ActiveCfg = Debug|x86
		{DEDF931E-1A4C-46FB-B500-597D84ACBAF1}.Debug|x86.Build.0 = Debug|x86
		{DEDF931E-1A4C-46FB-B500-597D84ACBAF1}.Debug|x86.Deploy.0 = Debug|x86
		{DEDF931E-1A4C-46FB-B500-597D84ACBAF1}.Release|Any CPU.ActiveCfg = Release|Any CPU
		{DEDF931E-1A4C-46FB-B500-597D84ACBAF1}.Release|Any CPU.Build.0 = Release|Any CPU
		{DEDF931E-1A4C-46FB-B500-597D84ACBAF1}.Release|Any CPU.Deploy.0 = Release|Any CPU
		{DEDF931E-1A4C-46FB-B500-597D84ACBAF1}.Release|ARM.ActiveCfg = Release|ARM
		{DEDF931E-1A4C-46FB-B500-597D84ACBAF1}.Release|ARM.Build.0 = Release|ARM
		{DEDF931E-1A4C-46FB-B500-597D84ACBAF1}.Release|ARM.Deploy.0 = Release|ARM
		{DEDF931E-1A4C-46FB-B500-597D84ACBAF1}.Release|x86.ActiveCfg = Release|x86
		{DEDF931E-1A4C-46FB-B500-597D84ACBAF1}.Release|x86.Build.0 = Release|x86
		{DEDF931E-1A4C-46FB-B500-597D84ACBAF1}.Release|x86.Deploy.0 = Release|x86
		{200AD997-10F0-446E-B694-0A8C441EDFED}.Debug|Any CPU.ActiveCfg = Debug|Any CPU
		{200AD997-10F0-446E-B694-0A8C441EDFED}.Debug|Any CPU.Build.0 = Debug|Any CPU
		{200AD997-10F0-446E-B694-0A8C441EDFED}.Debug|Any CPU.Deploy.0 = Debug|Any CPU
		{200AD997-10F0-446E-B694-0A8C441EDFED}.Debug|ARM.ActiveCfg = Debug|ARM
		{200AD997-10F0-446E-B694-0A8C441EDFED}.Debug|ARM.Build.0 = Debug|ARM
		{200AD997-10F0-446E-B694-0A8C441EDFED}.Debug|ARM.Deploy.0 = Debug|ARM
		{200AD997-10F0-446E-B694-0A8C441EDFED}.Debug|x86.ActiveCfg = Debug|x86
		{200AD997-10F0-446E-B694-0A8C441EDFED}.Debug|x86.Build.0 = Debug|x86
		{200AD997-10F0-446E-B694-0A8C441EDFED}.Debug|x86.Deploy.0 = Debug|x86
		{200AD997-10F0-446E-B694-0A8C441EDFED}.Release|Any CPU.ActiveCfg = Release|Any CPU
		{200AD997-10F0-446E-B694-0A8C441EDFED}.Release|Any CPU.Build.0 = Release|Any CPU
		{200AD997-10F0-446E-B694-0A8C441EDFED}.Release|Any CPU.Deploy.0 = Release|Any CPU
		{200AD997-10F0-446E-B694-0A8C441EDFED}.Release|ARM.ActiveCfg = Release|ARM
		{200AD997-10F0-446E-B694-0A8C441EDFED}.Release|ARM.Build.0 = Release|ARM
		{200AD997-10F0-446E-B694-0A8C441EDFED}.Release|ARM.Deploy.0 = Release|ARM
		{200AD997-10F0-446E-B694-0A8C441EDFED}.Release|x86.ActiveCfg = Release|x86
		{200AD997-10F0-446E-B694-0A8C441EDFED}.Release|x86.Build.0 = Release|x86
		{200AD997-10F0-446E-B694-0A8C441EDFED}.Release|x86.Deploy.0 = Release|x86
		{2E56899B-B4CD-4096-BEF2-FF65494B8B46}.Debug|Any CPU.ActiveCfg = Debug|Any CPU
		{2E56899B-B4CD-4096-BEF2-FF65494B8B46}.Debug|Any CPU.Build.0 = Debug|Any CPU
		{2E56899B-B4CD-4096-BEF2-FF65494B8B46}.Debug|Any CPU.Deploy.0 = Debug|Any CPU
		{2E56899B-B4CD-4096-BEF2-FF65494B8B46}.Debug|ARM.ActiveCfg = Debug|ARM
		{2E56899B-B4CD-4096-BEF2-FF65494B8B46}.Debug|ARM.Build.0 = Debug|ARM
		{2E56899B-B4CD-4096-BEF2-FF65494B8B46}.Debug|ARM.Deploy.0 = Debug|ARM
		{2E56899B-B4CD-4096-BEF2-FF65494B8B46}.Debug|x86.ActiveCfg = Debug|x86
		{2E56899B-B4CD-4096-BEF2-FF65494B8B46}.Debug|x86.Build.0 = Debug|x86
		{2E56899B-B4CD-4096-BEF2-FF65494B8B46}.Debug|x86.Deploy.0 = Debug|x86
		{2E56899B-B4CD-4096-BEF2-FF65494B8B46}.Release|Any CPU.ActiveCfg = Release|Any CPU
		{2E56899B-B4CD-4096-BEF2-FF65494B8B46}.Release|Any CPU.Build.0 = Release|Any CPU
		{2E56899B-B4CD-4096-BEF2-FF65494B8B46}.Release|Any CPU.Deploy.0 = Release|Any CPU
		{2E56899B-B4CD-4096-BEF2-FF65494B8B46}.Release|ARM.ActiveCfg = Release|ARM
		{2E56899B-B4CD-4096-BEF2-FF65494B8B46}.Release|ARM.Build.0 = Release|ARM
		{2E56899B-B4CD-4096-BEF2-FF65494B8B46}.Release|ARM.Deploy.0 = Release|ARM
		{2E56899B-B4CD-4096-BEF2-FF65494B8B46}.Release|x86.ActiveCfg = Release|x86
		{2E56899B-B4CD-4096-BEF2-FF65494B8B46}.Release|x86.Build.0 = Release|x86
		{2E56899B-B4CD-4096-BEF2-FF65494B8B46}.Release|x86.Deploy.0 = Release|x86
		{951BC937-FB77-4954-9491-014BA80256CF}.Debug|Any CPU.ActiveCfg = Debug|Any CPU
		{951BC937-FB77-4954-9491-014BA80256CF}.Debug|Any CPU.Build.0 = Debug|Any CPU
		{951BC937-FB77-4954-9491-014BA80256CF}.Debug|Any CPU.Deploy.0 = Debug|Any CPU
		{951BC937-FB77-4954-9491-014BA80256CF}.Debug|ARM.ActiveCfg = Debug|ARM
		{951BC937-FB77-4954-9491-014BA80256CF}.Debug|ARM.Build.0 = Debug|ARM
		{951BC937-FB77-4954-9491-014BA80256CF}.Debug|ARM.Deploy.0 = Debug|ARM
		{951BC937-FB77-4954-9491-014BA80256CF}.Debug|x86.ActiveCfg = Debug|x86
		{951BC937-FB77-4954-9491-014BA80256CF}.Debug|x86.Build.0 = Debug|x86
		{951BC937-FB77-4954-9491-014BA80256CF}.Debug|x86.Deploy.0 = Debug|x86
		{951BC937-FB77-4954-9491-014BA80256CF}.Release|Any CPU.ActiveCfg = Release|Any CPU
		{951BC937-FB77-4954-9491-014BA80256CF}.Release|Any CPU.Build.0 = Release|Any CPU
		{951BC937-FB77-4954-9491-014BA80256CF}.Release|Any CPU.Deploy.0 = Release|Any CPU
		{951BC937-FB77-4954-9491-014BA80256CF}.Release|ARM.ActiveCfg = Release|ARM
		{951BC937-FB77-4954-9491-014BA80256CF}.Release|ARM.Build.0 = Release|ARM
		{951BC937-FB77-4954-9491-014BA80256CF}.Release|ARM.Deploy.0 = Release|ARM
		{951BC937-FB77-4954-9491-014BA80256CF}.Release|x86.ActiveCfg = Release|x86
		{951BC937-FB77-4954-9491-014BA80256CF}.Release|x86.Build.0 = Release|x86
		{951BC937-FB77-4954-9491-014BA80256CF}.Release|x86.Deploy.0 = Release|x86
		{A0625D72-05AF-4801-8048-84E9008E2B95}.Debug|Any CPU.ActiveCfg = Debug|Any CPU
		{A0625D72-05AF-4801-8048-84E9008E2B95}.Debug|Any CPU.Build.0 = Debug|Any CPU
		{A0625D72-05AF-4801-8048-84E9008E2B95}.Debug|Any CPU.Deploy.0 = Debug|Any CPU
		{A0625D72-05AF-4801-8048-84E9008E2B95}.Debug|ARM.ActiveCfg = Debug|ARM
		{A0625D72-05AF-4801-8048-84E9008E2B95}.Debug|ARM.Build.0 = Debug|ARM
		{A0625D72-05AF-4801-8048-84E9008E2B95}.Debug|ARM.Deploy.0 = Debug|ARM
		{A0625D72-05AF-4801-8048-84E9008E2B95}.Debug|x86.ActiveCfg = Debug|x86
		{A0625D72-05AF-4801-8048-84E9008E2B95}.Debug|x86.Build.0 = Debug|x86
		{A0625D72-05AF-4801-8048-84E9008E2B95}.Debug|x86.Deploy.0 = Debug|x86
		{A0625D72-05AF-4801-8048-84E9008E2B95}.Release|Any CPU.ActiveCfg = Release|Any CPU
		{A0625D72-05AF-4801-8048-84E9008E2B95}.Release|Any CPU.Build.0 = Release|Any CPU
		{A0625D72-05AF-4801-8048-84E9008E2B95}.Release|Any CPU.Deploy.0 = Release|Any CPU
		{A0625D72-05AF-4801-8048-84E9008E2B95}.Release|ARM.ActiveCfg = Release|ARM
		{A0625D72-05AF-4801-8048-84E9008E2B95}.Release|ARM.Build.0 = Release|ARM
		{A0625D72-05AF-4801-8048-84E9008E2B95}.Release|ARM.Deploy.0 = Release|ARM
		{A0625D72-05AF-4801-8048-84E9008E2B95}.Release|x86.ActiveCfg = Release|x86
		{A0625D72-05AF-4801-8048-84E9008E2B95}.Release|x86.Build.0 = Release|x86
		{A0625D72-05AF-4801-8048-84E9008E2B95}.Release|x86.Deploy.0 = Release|x86
	EndGlobalSection
	GlobalSection(SolutionProperties) = preSolution
		HideSolutionNode = FALSE
	EndGlobalSection
EndGlobal
