
Microsoft Visual Studio Solution File, Format Version 12.00
# Visual Studio 14
VisualStudioVersion = 14.0.25420.1
MinimumVisualStudioVersion = 10.0.40219.1
Project("{CC5FD16D-436D-48AD-A40C-5A424C6E3E79}") = "Lab01WCFService", "Lab01WCFService\Lab01WCFService.ccproj", "{21D00346-DF3C-4FD2-ABE6-8D982AE3036C}"
EndProject
Project("{FAE04EC0-301F-11D3-BF4B-00C04F79EFBC}") = "Lab01RemoteWCFService", "Lab01RemoteWCFService\Lab01RemoteWCFService.csproj", "{DFA27835-12C3-4B98-8752-C4A8D61BB3D1}"
EndProject
Project("{CC5FD16D-436D-48AD-A40C-5A424C6E3E79}") = "Lab01", "Lab01\Lab01.ccproj", "{AF9242FE-AC52-45DF-9A50-B09A1C905A3B}"
EndProject
Project("{FAE04EC0-301F-11D3-BF4B-00C04F79EFBC}") = "Lab01WebRole", "Lab01WebRole\Lab01WebRole.csproj", "{79D04375-8307-43AC-8F6E-A93EEE6245E8}"
	ProjectSection(ProjectDependencies) = postProject
		{DFA27835-12C3-4B98-8752-C4A8D61BB3D1} = {DFA27835-12C3-4B98-8752-C4A8D61BB3D1}
	EndProjectSection
EndProject
Project("{CC5FD16D-436D-48AD-A40C-5A424C6E3E79}") = "Lab02Server", "Lab02Server\Lab02Server.ccproj", "{D290AF86-5E42-45F8-8A4C-2C21A4CAC7E0}"
EndProject
Project("{FAE04EC0-301F-11D3-BF4B-00C04F79EFBC}") = "Lab02WebAPI", "Lab02WebAPI\Lab02WebAPI.csproj", "{FB6009F0-EFC8-4C80-823E-18CB5F3202D8}"
EndProject
Project("{CC5FD16D-436D-48AD-A40C-5A424C6E3E79}") = "Lab02Client", "Lab02Client\Lab02Client.ccproj", "{61EA7717-CA5D-4363-9DD6-DBEE0622A80B}"
EndProject
Project("{FAE04EC0-301F-11D3-BF4B-00C04F79EFBC}") = "Lab02WebClient", "Lab02WebClient\Lab02WebClient.csproj", "{20893A3C-09A4-45BE-9114-C005D8C2C513}"
EndProject
Project("{CC5FD16D-436D-48AD-A40C-5A424C6E3E79}") = "Lab03", "Lab03\Lab03.ccproj", "{26A1ADB5-899D-49F0-81C6-634811B4183C}"
EndProject
Project("{FAE04EC0-301F-11D3-BF4B-00C04F79EFBC}") = "Lab03WCFService", "Lab03WCFService\Lab03WCFService.csproj", "{2A43E414-AEF5-43A4-998E-6A49AF479097}"
EndProject
Project("{CC5FD16D-436D-48AD-A40C-5A424C6E3E79}") = "Lab03MVC", "Lab03MVC\Lab03MVC.ccproj", "{EF3BE6DB-3257-4F1B-9B6A-001B8C3E965D}"
EndProject
Project("{FAE04EC0-301F-11D3-BF4B-00C04F79EFBC}") = "Lab03MVCWebRole", "Lab03MVCWebRole\Lab03MVCWebRole.csproj", "{0F2E3F6E-B333-4800-A511-DDC1E79996FB}"
	ProjectSection(ProjectDependencies) = postProject
		{2A43E414-AEF5-43A4-998E-6A49AF479097} = {2A43E414-AEF5-43A4-998E-6A49AF479097}
		{DFA27835-12C3-4B98-8752-C4A8D61BB3D1} = {DFA27835-12C3-4B98-8752-C4A8D61BB3D1}
	EndProjectSection
EndProject
Project("{CC5FD16D-436D-48AD-A40C-5A424C6E3E79}") = "Lab03WebForm", "Lab03WebForm\Lab03WebForm.ccproj", "{87C5482C-8246-4D27-BF08-9301A11A3981}"
EndProject
Project("{FAE04EC0-301F-11D3-BF4B-00C04F79EFBC}") = "Lab03WebFormWebRole", "Lab03WebFormWebRole\Lab03WebFormWebRole.csproj", "{45A5D651-7EBA-46C2-A078-4C0B07206B09}"
	ProjectSection(ProjectDependencies) = postProject
		{2A43E414-AEF5-43A4-998E-6A49AF479097} = {2A43E414-AEF5-43A4-998E-6A49AF479097}
	EndProjectSection
EndProject
Project("{CC5FD16D-436D-48AD-A40C-5A424C6E3E79}") = "Lab04", "Lab04\Lab04.ccproj", "{8DFAEEA9-6B70-440D-A270-F1BE3B2AF3F3}"
EndProject
Project("{FAE04EC0-301F-11D3-BF4B-00C04F79EFBC}") = "Lab04WCFService", "Lab04WCFService\Lab04WCFService.csproj", "{D6234632-D5A3-4E52-8B4C-C646D024CDEE}"
EndProject
Project("{CC5FD16D-436D-48AD-A40C-5A424C6E3E79}") = "Lab04WebApp", "Lab04WebApp\Lab04WebApp.ccproj", "{2A223DAC-C0C7-429F-8095-4BC465D7E9FE}"
EndProject
Project("{FAE04EC0-301F-11D3-BF4B-00C04F79EFBC}") = "Lab04MVCWebRole", "Lab04MVCWebRole\Lab04MVCWebRole.csproj", "{B4E39C2C-EE82-47D3-91E9-011BC119DDFF}"
	ProjectSection(ProjectDependencies) = postProject
		{D6234632-D5A3-4E52-8B4C-C646D024CDEE} = {D6234632-D5A3-4E52-8B4C-C646D024CDEE}
	EndProjectSection
EndProject
Project("{CC5FD16D-436D-48AD-A40C-5A424C6E3E79}") = "Lab05", "Lab05\Lab05.ccproj", "{9AE5051A-4890-4864-B451-B505CE6F36B6}"
EndProject
Project("{FAE04EC0-301F-11D3-BF4B-00C04F79EFBC}") = "Lab05WebRole", "Lab05WebRole\Lab05WebRole.csproj", "{CFFEC645-193C-410A-A2EB-587D86C1833D}"
EndProject
Project("{CC5FD16D-436D-48AD-A40C-5A424C6E3E79}") = "Lab06", "Lab06\Lab06.ccproj", "{BCB8AD30-5ADA-41D6-B8FE-35616952809D}"
EndProject
Project("{FAE04EC0-301F-11D3-BF4B-00C04F79EFBC}") = "Lab06WCFService", "Lab06WCFService\Lab06WCFService.csproj", "{57DA92F8-1D2E-4E7B-BBB4-2157D3729C7E}"
EndProject
Project("{CC5FD16D-436D-48AD-A40C-5A424C6E3E79}") = "Lab06Client", "Lab06Client\Lab06Client.ccproj", "{06F81EEC-FBDD-4482-9453-FDACD4EB51D9}"
EndProject
Project("{FAE04EC0-301F-11D3-BF4B-00C04F79EFBC}") = "Lab06MVCWebRole", "Lab06MVCWebRole\Lab06MVCWebRole.csproj", "{E4F4DA0D-CAD6-40E6-83B2-EC2AB22F5D49}"
EndProject
Project("{CC5FD16D-436D-48AD-A40C-5A424C6E3E79}") = "Lab07WebAPI", "Lab07WebAPI\Lab07WebAPI.ccproj", "{3A1C88CE-FE1C-42AF-9FD4-2B58FB88A276}"
EndProject
Project("{FAE04EC0-301F-11D3-BF4B-00C04F79EFBC}") = "Lab07WebAPIRole", "Lab07WebAPIRole\Lab07WebAPIRole.csproj", "{1B71BEF7-2534-4D77-B356-CFDDDA05E8C6}"
EndProject
Project("{FAE04EC0-301F-11D3-BF4B-00C04F79EFBC}") = "Lab07WindowsStore", "Lab07WindowsStore\Lab07WindowsStore.csproj", "{EBFB450F-136B-40B1-9206-B3EEAAAE9ADF}"
EndProject
Project("{CC5FD16D-436D-48AD-A40C-5A424C6E3E79}") = "Lab07Client", "Lab07Client\Lab07Client.ccproj", "{C2D7B142-DDDD-42D4-8020-3AB57358D84C}"
EndProject
Project("{FAE04EC0-301F-11D3-BF4B-00C04F79EFBC}") = "Lab07MVCWebRole", "Lab07MVCWebRole\Lab07MVCWebRole.csproj", "{967D6F5B-FAA5-4116-90EE-91EBA40B9BB6}"
EndProject
Project("{CC5FD16D-436D-48AD-A40C-5A424C6E3E79}") = "Lab08", "Lab08\Lab08.ccproj", "{8A2D306B-1B0B-4746-BA50-262779B93045}"
EndProject
Project("{FAE04EC0-301F-11D3-BF4B-00C04F79EFBC}") = "Lab08WebAPI", "Lab08WebAPI\Lab08WebAPI.csproj", "{BCD56B25-E506-4BA6-B745-AA6AFA0B0209}"
EndProject
Project("{FAE04EC0-301F-11D3-BF4B-00C04F79EFBC}") = "Lab08WindowsStore", "Lab08WindowsStore\Lab08WindowsStore.csproj", "{7D8CF3A3-CDFB-4910-B9CC-F04AA4C20B42}"
EndProject
Project("{CC5FD16D-436D-48AD-A40C-5A424C6E3E79}") = "Ass13", "Ass13\Ass13.ccproj", "{0914C4FF-649A-4961-A11F-3329D03A8B39}"
EndProject
Project("{FAE04EC0-301F-11D3-BF4B-00C04F79EFBC}") = "Ass13WebAPI", "Ass13WebAPI\Ass13WebAPI.csproj", "{97219821-1126-424D-A977-E9154FD5EF84}"
EndProject
Project("{CC5FD16D-436D-48AD-A40C-5A424C6E3E79}") = "Ass13MVC", "Ass13MVC\Ass13MVC.ccproj", "{3E9002A4-0DC9-4D5C-A895-88516AF1D6B0}"
EndProject
Project("{FAE04EC0-301F-11D3-BF4B-00C04F79EFBC}") = "Ass13MVCWebRole", "Ass13MVCWebRole\Ass13MVCWebRole.csproj", "{39B2150C-E618-4082-B382-FA0270F5BFDA}"
EndProject
Project("{CC5FD16D-436D-48AD-A40C-5A424C6E3E79}") = "Lab09", "Lab09\Lab09.ccproj", "{FD11E8C3-0E70-445C-8EB5-A250799BEA75}"
EndProject
Project("{FAE04EC0-301F-11D3-BF4B-00C04F79EFBC}") = "Lab09WebAPI", "Lab09WebAPI\Lab09WebAPI.csproj", "{58EBD0DA-29A2-43A9-BE50-4ACB3AC6BEE7}"
EndProject
Project("{FAE04EC0-301F-11D3-BF4B-00C04F79EFBC}") = "CustomerLib", "CustomerLib\CustomerLib.csproj", "{950F87BE-7293-468A-9DDB-5795F55A3E9C}"
EndProject
Project("{CC5FD16D-436D-48AD-A40C-5A424C6E3E79}") = "Lab09MVC", "Lab09MVC\Lab09MVC.ccproj", "{959A71EB-7E9F-4343-8A81-402EAAE7C0AD}"
EndProject
Project("{FAE04EC0-301F-11D3-BF4B-00C04F79EFBC}") = "Lab09MVCWebRole", "Lab09MVCWebRole\Lab09MVCWebRole.csproj", "{D6ECD6D8-BB93-4CF6-85F0-5EEB2E5860A6}"
EndProject
Project("{CC5FD16D-436D-48AD-A40C-5A424C6E3E79}") = "LabFinal", "LabFinal\LabFinal.ccproj", "{A7C7C7E3-BBC3-4141-A303-B50C37796281}"
EndProject
Project("{FAE04EC0-301F-11D3-BF4B-00C04F79EFBC}") = "LabFinalWCFServiceWebRole", "LabFinalWCFServiceWebRole\LabFinalWCFServiceWebRole.csproj", "{11D3D7D5-36B5-43A8-8A79-7269343BEA50}"
EndProject
Project("{CC5FD16D-436D-48AD-A40C-5A424C6E3E79}") = "LabFinalMVC", "LabFinalMVC\LabFinalMVC.ccproj", "{6874AC0E-FB58-488E-AAC3-4D1B724CF5DA}"
EndProject
Project("{FAE04EC0-301F-11D3-BF4B-00C04F79EFBC}") = "LabFinalMVCWebRole", "LabFinalMVCWebRole\LabFinalMVCWebRole.csproj", "{FEFDA2F4-E90D-42C9-A4D0-EBE3130D7B6F}"
EndProject
Project("{CC5FD16D-436D-48AD-A40C-5A424C6E3E79}") = "LabFinalWebAPIServer", "LabFinalWebAPIServer\LabFinalWebAPIServer.ccproj", "{27C5B8A4-6D1F-4BC6-A41C-93ACDED9D922}"
EndProject
Project("{FAE04EC0-301F-11D3-BF4B-00C04F79EFBC}") = "LabFinalWebAPI", "LabFinalWebAPI\LabFinalWebAPI.csproj", "{001FAE93-D32D-4A25-AED6-19529FF2A1EA}"
EndProject
Global
	GlobalSection(SolutionConfigurationPlatforms) = preSolution
		Debug|Any CPU = Debug|Any CPU
		Debug|ARM = Debug|ARM
		Debug|x64 = Debug|x64
		Debug|x86 = Debug|x86
		Release|Any CPU = Release|Any CPU
		Release|ARM = Release|ARM
		Release|x64 = Release|x64
		Release|x86 = Release|x86
	EndGlobalSection
	GlobalSection(ProjectConfigurationPlatforms) = postSolution
		{21D00346-DF3C-4FD2-ABE6-8D982AE3036C}.Debug|Any CPU.ActiveCfg = Debug|Any CPU
		{21D00346-DF3C-4FD2-ABE6-8D982AE3036C}.Debug|Any CPU.Build.0 = Debug|Any CPU
		{21D00346-DF3C-4FD2-ABE6-8D982AE3036C}.Debug|ARM.ActiveCfg = Debug|Any CPU
		{21D00346-DF3C-4FD2-ABE6-8D982AE3036C}.Debug|ARM.Build.0 = Debug|Any CPU
		{21D00346-DF3C-4FD2-ABE6-8D982AE3036C}.Debug|x64.ActiveCfg = Debug|Any CPU
		{21D00346-DF3C-4FD2-ABE6-8D982AE3036C}.Debug|x64.Build.0 = Debug|Any CPU
		{21D00346-DF3C-4FD2-ABE6-8D982AE3036C}.Debug|x86.ActiveCfg = Debug|Any CPU
		{21D00346-DF3C-4FD2-ABE6-8D982AE3036C}.Debug|x86.Build.0 = Debug|Any CPU
		{21D00346-DF3C-4FD2-ABE6-8D982AE3036C}.Release|Any CPU.ActiveCfg = Release|Any CPU
		{21D00346-DF3C-4FD2-ABE6-8D982AE3036C}.Release|Any CPU.Build.0 = Release|Any CPU
		{21D00346-DF3C-4FD2-ABE6-8D982AE3036C}.Release|ARM.ActiveCfg = Release|Any CPU
		{21D00346-DF3C-4FD2-ABE6-8D982AE3036C}.Release|ARM.Build.0 = Release|Any CPU
		{21D00346-DF3C-4FD2-ABE6-8D982AE3036C}.Release|x64.ActiveCfg = Release|Any CPU
		{21D00346-DF3C-4FD2-ABE6-8D982AE3036C}.Release|x64.Build.0 = Release|Any CPU
		{21D00346-DF3C-4FD2-ABE6-8D982AE3036C}.Release|x86.ActiveCfg = Release|Any CPU
		{21D00346-DF3C-4FD2-ABE6-8D982AE3036C}.Release|x86.Build.0 = Release|Any CPU
		{DFA27835-12C3-4B98-8752-C4A8D61BB3D1}.Debug|Any CPU.ActiveCfg = Debug|Any CPU
		{DFA27835-12C3-4B98-8752-C4A8D61BB3D1}.Debug|Any CPU.Build.0 = Debug|Any CPU
		{DFA27835-12C3-4B98-8752-C4A8D61BB3D1}.Debug|ARM.ActiveCfg = Debug|Any CPU
		{DFA27835-12C3-4B98-8752-C4A8D61BB3D1}.Debug|ARM.Build.0 = Debug|Any CPU
		{DFA27835-12C3-4B98-8752-C4A8D61BB3D1}.Debug|x64.ActiveCfg = Debug|Any CPU
		{DFA27835-12C3-4B98-8752-C4A8D61BB3D1}.Debug|x64.Build.0 = Debug|Any CPU
		{DFA27835-12C3-4B98-8752-C4A8D61BB3D1}.Debug|x86.ActiveCfg = Debug|Any CPU
		{DFA27835-12C3-4B98-8752-C4A8D61BB3D1}.Debug|x86.Build.0 = Debug|Any CPU
		{DFA27835-12C3-4B98-8752-C4A8D61BB3D1}.Release|Any CPU.ActiveCfg = Release|Any CPU
		{DFA27835-12C3-4B98-8752-C4A8D61BB3D1}.Release|Any CPU.Build.0 = Release|Any CPU
		{DFA27835-12C3-4B98-8752-C4A8D61BB3D1}.Release|ARM.ActiveCfg = Release|Any CPU
		{DFA27835-12C3-4B98-8752-C4A8D61BB3D1}.Release|ARM.Build.0 = Release|Any CPU
		{DFA27835-12C3-4B98-8752-C4A8D61BB3D1}.Release|x64.ActiveCfg = Release|Any CPU
		{DFA27835-12C3-4B98-8752-C4A8D61BB3D1}.Release|x64.Build.0 = Release|Any CPU
		{DFA27835-12C3-4B98-8752-C4A8D61BB3D1}.Release|x86.ActiveCfg = Release|Any CPU
		{DFA27835-12C3-4B98-8752-C4A8D61BB3D1}.Release|x86.Build.0 = Release|Any CPU
		{AF9242FE-AC52-45DF-9A50-B09A1C905A3B}.Debug|Any CPU.ActiveCfg = Debug|Any CPU
		{AF9242FE-AC52-45DF-9A50-B09A1C905A3B}.Debug|Any CPU.Build.0 = Debug|Any CPU
		{AF9242FE-AC52-45DF-9A50-B09A1C905A3B}.Debug|ARM.ActiveCfg = Debug|Any CPU
		{AF9242FE-AC52-45DF-9A50-B09A1C905A3B}.Debug|ARM.Build.0 = Debug|Any CPU
		{AF9242FE-AC52-45DF-9A50-B09A1C905A3B}.Debug|x64.ActiveCfg = Debug|Any CPU
		{AF9242FE-AC52-45DF-9A50-B09A1C905A3B}.Debug|x64.Build.0 = Debug|Any CPU
		{AF9242FE-AC52-45DF-9A50-B09A1C905A3B}.Debug|x86.ActiveCfg = Debug|Any CPU
		{AF9242FE-AC52-45DF-9A50-B09A1C905A3B}.Debug|x86.Build.0 = Debug|Any CPU
		{AF9242FE-AC52-45DF-9A50-B09A1C905A3B}.Release|Any CPU.ActiveCfg = Release|Any CPU
		{AF9242FE-AC52-45DF-9A50-B09A1C905A3B}.Release|Any CPU.Build.0 = Release|Any CPU
		{AF9242FE-AC52-45DF-9A50-B09A1C905A3B}.Release|ARM.ActiveCfg = Release|Any CPU
		{AF9242FE-AC52-45DF-9A50-B09A1C905A3B}.Release|ARM.Build.0 = Release|Any CPU
		{AF9242FE-AC52-45DF-9A50-B09A1C905A3B}.Release|x64.ActiveCfg = Release|Any CPU
		{AF9242FE-AC52-45DF-9A50-B09A1C905A3B}.Release|x64.Build.0 = Release|Any CPU
		{AF9242FE-AC52-45DF-9A50-B09A1C905A3B}.Release|x86.ActiveCfg = Release|Any CPU
		{AF9242FE-AC52-45DF-9A50-B09A1C905A3B}.Release|x86.Build.0 = Release|Any CPU
		{79D04375-8307-43AC-8F6E-A93EEE6245E8}.Debug|Any CPU.ActiveCfg = Debug|Any CPU
		{79D04375-8307-43AC-8F6E-A93EEE6245E8}.Debug|Any CPU.Build.0 = Debug|Any CPU
		{79D04375-8307-43AC-8F6E-A93EEE6245E8}.Debug|ARM.ActiveCfg = Debug|Any CPU
		{79D04375-8307-43AC-8F6E-A93EEE6245E8}.Debug|ARM.Build.0 = Debug|Any CPU
		{79D04375-8307-43AC-8F6E-A93EEE6245E8}.Debug|x64.ActiveCfg = Debug|Any CPU
		{79D04375-8307-43AC-8F6E-A93EEE6245E8}.Debug|x64.Build.0 = Debug|Any CPU
		{79D04375-8307-43AC-8F6E-A93EEE6245E8}.Debug|x86.ActiveCfg = Debug|Any CPU
		{79D04375-8307-43AC-8F6E-A93EEE6245E8}.Debug|x86.Build.0 = Debug|Any CPU
		{79D04375-8307-43AC-8F6E-A93EEE6245E8}.Release|Any CPU.ActiveCfg = Release|Any CPU
		{79D04375-8307-43AC-8F6E-A93EEE6245E8}.Release|Any CPU.Build.0 = Release|Any CPU
		{79D04375-8307-43AC-8F6E-A93EEE6245E8}.Release|ARM.ActiveCfg = Release|Any CPU
		{79D04375-8307-43AC-8F6E-A93EEE6245E8}.Release|ARM.Build.0 = Release|Any CPU
		{79D04375-8307-43AC-8F6E-A93EEE6245E8}.Release|x64.ActiveCfg = Release|Any CPU
		{79D04375-8307-43AC-8F6E-A93EEE6245E8}.Release|x64.Build.0 = Release|Any CPU
		{79D04375-8307-43AC-8F6E-A93EEE6245E8}.Release|x86.ActiveCfg = Release|Any CPU
		{79D04375-8307-43AC-8F6E-A93EEE6245E8}.Release|x86.Build.0 = Release|Any CPU
		{D290AF86-5E42-45F8-8A4C-2C21A4CAC7E0}.Debug|Any CPU.ActiveCfg = Debug|Any CPU
		{D290AF86-5E42-45F8-8A4C-2C21A4CAC7E0}.Debug|Any CPU.Build.0 = Debug|Any CPU
		{D290AF86-5E42-45F8-8A4C-2C21A4CAC7E0}.Debug|ARM.ActiveCfg = Debug|Any CPU
		{D290AF86-5E42-45F8-8A4C-2C21A4CAC7E0}.Debug|ARM.Build.0 = Debug|Any CPU
		{D290AF86-5E42-45F8-8A4C-2C21A4CAC7E0}.Debug|x64.ActiveCfg = Debug|Any CPU
		{D290AF86-5E42-45F8-8A4C-2C21A4CAC7E0}.Debug|x64.Build.0 = Debug|Any CPU
		{D290AF86-5E42-45F8-8A4C-2C21A4CAC7E0}.Debug|x86.ActiveCfg = Debug|Any CPU
		{D290AF86-5E42-45F8-8A4C-2C21A4CAC7E0}.Debug|x86.Build.0 = Debug|Any CPU
		{D290AF86-5E42-45F8-8A4C-2C21A4CAC7E0}.Release|Any CPU.ActiveCfg = Release|Any CPU
		{D290AF86-5E42-45F8-8A4C-2C21A4CAC7E0}.Release|Any CPU.Build.0 = Release|Any CPU
		{D290AF86-5E42-45F8-8A4C-2C21A4CAC7E0}.Release|ARM.ActiveCfg = Release|Any CPU
		{D290AF86-5E42-45F8-8A4C-2C21A4CAC7E0}.Release|ARM.Build.0 = Release|Any CPU
		{D290AF86-5E42-45F8-8A4C-2C21A4CAC7E0}.Release|x64.ActiveCfg = Release|Any CPU
		{D290AF86-5E42-45F8-8A4C-2C21A4CAC7E0}.Release|x64.Build.0 = Release|Any CPU
		{D290AF86-5E42-45F8-8A4C-2C21A4CAC7E0}.Release|x86.ActiveCfg = Release|Any CPU
		{D290AF86-5E42-45F8-8A4C-2C21A4CAC7E0}.Release|x86.Build.0 = Release|Any CPU
		{FB6009F0-EFC8-4C80-823E-18CB5F3202D8}.Debug|Any CPU.ActiveCfg = Debug|Any CPU
		{FB6009F0-EFC8-4C80-823E-18CB5F3202D8}.Debug|Any CPU.Build.0 = Debug|Any CPU
		{FB6009F0-EFC8-4C80-823E-18CB5F3202D8}.Debug|ARM.ActiveCfg = Debug|Any CPU
		{FB6009F0-EFC8-4C80-823E-18CB5F3202D8}.Debug|ARM.Build.0 = Debug|Any CPU
		{FB6009F0-EFC8-4C80-823E-18CB5F3202D8}.Debug|x64.ActiveCfg = Debug|Any CPU
		{FB6009F0-EFC8-4C80-823E-18CB5F3202D8}.Debug|x64.Build.0 = Debug|Any CPU
		{FB6009F0-EFC8-4C80-823E-18CB5F3202D8}.Debug|x86.ActiveCfg = Debug|Any CPU
		{FB6009F0-EFC8-4C80-823E-18CB5F3202D8}.Debug|x86.Build.0 = Debug|Any CPU
		{FB6009F0-EFC8-4C80-823E-18CB5F3202D8}.Release|Any CPU.ActiveCfg = Release|Any CPU
		{FB6009F0-EFC8-4C80-823E-18CB5F3202D8}.Release|Any CPU.Build.0 = Release|Any CPU
		{FB6009F0-EFC8-4C80-823E-18CB5F3202D8}.Release|ARM.ActiveCfg = Release|Any CPU
		{FB6009F0-EFC8-4C80-823E-18CB5F3202D8}.Release|ARM.Build.0 = Release|Any CPU
		{FB6009F0-EFC8-4C80-823E-18CB5F3202D8}.Release|x64.ActiveCfg = Release|Any CPU
		{FB6009F0-EFC8-4C80-823E-18CB5F3202D8}.Release|x64.Build.0 = Release|Any CPU
		{FB6009F0-EFC8-4C80-823E-18CB5F3202D8}.Release|x86.ActiveCfg = Release|Any CPU
		{FB6009F0-EFC8-4C80-823E-18CB5F3202D8}.Release|x86.Build.0 = Release|Any CPU
		{61EA7717-CA5D-4363-9DD6-DBEE0622A80B}.Debug|Any CPU.ActiveCfg = Debug|Any CPU
		{61EA7717-CA5D-4363-9DD6-DBEE0622A80B}.Debug|Any CPU.Build.0 = Debug|Any CPU
		{61EA7717-CA5D-4363-9DD6-DBEE0622A80B}.Debug|ARM.ActiveCfg = Debug|Any CPU
		{61EA7717-CA5D-4363-9DD6-DBEE0622A80B}.Debug|ARM.Build.0 = Debug|Any CPU
		{61EA7717-CA5D-4363-9DD6-DBEE0622A80B}.Debug|x64.ActiveCfg = Debug|Any CPU
		{61EA7717-CA5D-4363-9DD6-DBEE0622A80B}.Debug|x64.Build.0 = Debug|Any CPU
		{61EA7717-CA5D-4363-9DD6-DBEE0622A80B}.Debug|x86.ActiveCfg = Debug|Any CPU
		{61EA7717-CA5D-4363-9DD6-DBEE0622A80B}.Debug|x86.Build.0 = Debug|Any CPU
		{61EA7717-CA5D-4363-9DD6-DBEE0622A80B}.Release|Any CPU.ActiveCfg = Release|Any CPU
		{61EA7717-CA5D-4363-9DD6-DBEE0622A80B}.Release|Any CPU.Build.0 = Release|Any CPU
		{61EA7717-CA5D-4363-9DD6-DBEE0622A80B}.Release|ARM.ActiveCfg = Release|Any CPU
		{61EA7717-CA5D-4363-9DD6-DBEE0622A80B}.Release|ARM.Build.0 = Release|Any CPU
		{61EA7717-CA5D-4363-9DD6-DBEE0622A80B}.Release|x64.ActiveCfg = Release|Any CPU
		{61EA7717-CA5D-4363-9DD6-DBEE0622A80B}.Release|x64.Build.0 = Release|Any CPU
		{61EA7717-CA5D-4363-9DD6-DBEE0622A80B}.Release|x86.ActiveCfg = Release|Any CPU
		{61EA7717-CA5D-4363-9DD6-DBEE0622A80B}.Release|x86.Build.0 = Release|Any CPU
		{20893A3C-09A4-45BE-9114-C005D8C2C513}.Debug|Any CPU.ActiveCfg = Debug|Any CPU
		{20893A3C-09A4-45BE-9114-C005D8C2C513}.Debug|Any CPU.Build.0 = Debug|Any CPU
		{20893A3C-09A4-45BE-9114-C005D8C2C513}.Debug|ARM.ActiveCfg = Debug|Any CPU
		{20893A3C-09A4-45BE-9114-C005D8C2C513}.Debug|ARM.Build.0 = Debug|Any CPU
		{20893A3C-09A4-45BE-9114-C005D8C2C513}.Debug|x64.ActiveCfg = Debug|Any CPU
		{20893A3C-09A4-45BE-9114-C005D8C2C513}.Debug|x64.Build.0 = Debug|Any CPU
		{20893A3C-09A4-45BE-9114-C005D8C2C513}.Debug|x86.ActiveCfg = Debug|Any CPU
		{20893A3C-09A4-45BE-9114-C005D8C2C513}.Debug|x86.Build.0 = Debug|Any CPU
		{20893A3C-09A4-45BE-9114-C005D8C2C513}.Release|Any CPU.ActiveCfg = Release|Any CPU
		{20893A3C-09A4-45BE-9114-C005D8C2C513}.Release|Any CPU.Build.0 = Release|Any CPU
		{20893A3C-09A4-45BE-9114-C005D8C2C513}.Release|ARM.ActiveCfg = Release|Any CPU
		{20893A3C-09A4-45BE-9114-C005D8C2C513}.Release|ARM.Build.0 = Release|Any CPU
		{20893A3C-09A4-45BE-9114-C005D8C2C513}.Release|x64.ActiveCfg = Release|Any CPU
		{20893A3C-09A4-45BE-9114-C005D8C2C513}.Release|x64.Build.0 = Release|Any CPU
		{20893A3C-09A4-45BE-9114-C005D8C2C513}.Release|x86.ActiveCfg = Release|Any CPU
		{20893A3C-09A4-45BE-9114-C005D8C2C513}.Release|x86.Build.0 = Release|Any CPU
		{26A1ADB5-899D-49F0-81C6-634811B4183C}.Debug|Any CPU.ActiveCfg = Debug|Any CPU
		{26A1ADB5-899D-49F0-81C6-634811B4183C}.Debug|Any CPU.Build.0 = Debug|Any CPU
		{26A1ADB5-899D-49F0-81C6-634811B4183C}.Debug|ARM.ActiveCfg = Debug|Any CPU
		{26A1ADB5-899D-49F0-81C6-634811B4183C}.Debug|ARM.Build.0 = Debug|Any CPU
		{26A1ADB5-899D-49F0-81C6-634811B4183C}.Debug|x64.ActiveCfg = Debug|Any CPU
		{26A1ADB5-899D-49F0-81C6-634811B4183C}.Debug|x64.Build.0 = Debug|Any CPU
		{26A1ADB5-899D-49F0-81C6-634811B4183C}.Debug|x86.ActiveCfg = Debug|Any CPU
		{26A1ADB5-899D-49F0-81C6-634811B4183C}.Debug|x86.Build.0 = Debug|Any CPU
		{26A1ADB5-899D-49F0-81C6-634811B4183C}.Release|Any CPU.ActiveCfg = Release|Any CPU
		{26A1ADB5-899D-49F0-81C6-634811B4183C}.Release|Any CPU.Build.0 = Release|Any CPU
		{26A1ADB5-899D-49F0-81C6-634811B4183C}.Release|ARM.ActiveCfg = Release|Any CPU
		{26A1ADB5-899D-49F0-81C6-634811B4183C}.Release|ARM.Build.0 = Release|Any CPU
		{26A1ADB5-899D-49F0-81C6-634811B4183C}.Release|x64.ActiveCfg = Release|Any CPU
		{26A1ADB5-899D-49F0-81C6-634811B4183C}.Release|x64.Build.0 = Release|Any CPU
		{26A1ADB5-899D-49F0-81C6-634811B4183C}.Release|x86.ActiveCfg = Release|Any CPU
		{26A1ADB5-899D-49F0-81C6-634811B4183C}.Release|x86.Build.0 = Release|Any CPU
		{2A43E414-AEF5-43A4-998E-6A49AF479097}.Debug|Any CPU.ActiveCfg = Debug|Any CPU
		{2A43E414-AEF5-43A4-998E-6A49AF479097}.Debug|Any CPU.Build.0 = Debug|Any CPU
		{2A43E414-AEF5-43A4-998E-6A49AF479097}.Debug|ARM.ActiveCfg = Debug|Any CPU
		{2A43E414-AEF5-43A4-998E-6A49AF479097}.Debug|ARM.Build.0 = Debug|Any CPU
		{2A43E414-AEF5-43A4-998E-6A49AF479097}.Debug|x64.ActiveCfg = Debug|Any CPU
		{2A43E414-AEF5-43A4-998E-6A49AF479097}.Debug|x64.Build.0 = Debug|Any CPU
		{2A43E414-AEF5-43A4-998E-6A49AF479097}.Debug|x86.ActiveCfg = Debug|Any CPU
		{2A43E414-AEF5-43A4-998E-6A49AF479097}.Debug|x86.Build.0 = Debug|Any CPU
		{2A43E414-AEF5-43A4-998E-6A49AF479097}.Release|Any CPU.ActiveCfg = Release|Any CPU
		{2A43E414-AEF5-43A4-998E-6A49AF479097}.Release|Any CPU.Build.0 = Release|Any CPU
		{2A43E414-AEF5-43A4-998E-6A49AF479097}.Release|ARM.ActiveCfg = Release|Any CPU
		{2A43E414-AEF5-43A4-998E-6A49AF479097}.Release|ARM.Build.0 = Release|Any CPU
		{2A43E414-AEF5-43A4-998E-6A49AF479097}.Release|x64.ActiveCfg = Release|Any CPU
		{2A43E414-AEF5-43A4-998E-6A49AF479097}.Release|x64.Build.0 = Release|Any CPU
		{2A43E414-AEF5-43A4-998E-6A49AF479097}.Release|x86.ActiveCfg = Release|Any CPU
		{2A43E414-AEF5-43A4-998E-6A49AF479097}.Release|x86.Build.0 = Release|Any CPU
		{EF3BE6DB-3257-4F1B-9B6A-001B8C3E965D}.Debug|Any CPU.ActiveCfg = Debug|Any CPU
		{EF3BE6DB-3257-4F1B-9B6A-001B8C3E965D}.Debug|Any CPU.Build.0 = Debug|Any CPU
		{EF3BE6DB-3257-4F1B-9B6A-001B8C3E965D}.Debug|ARM.ActiveCfg = Debug|Any CPU
		{EF3BE6DB-3257-4F1B-9B6A-001B8C3E965D}.Debug|ARM.Build.0 = Debug|Any CPU
		{EF3BE6DB-3257-4F1B-9B6A-001B8C3E965D}.Debug|x64.ActiveCfg = Debug|Any CPU
		{EF3BE6DB-3257-4F1B-9B6A-001B8C3E965D}.Debug|x64.Build.0 = Debug|Any CPU
		{EF3BE6DB-3257-4F1B-9B6A-001B8C3E965D}.Debug|x86.ActiveCfg = Debug|Any CPU
		{EF3BE6DB-3257-4F1B-9B6A-001B8C3E965D}.Debug|x86.Build.0 = Debug|Any CPU
		{EF3BE6DB-3257-4F1B-9B6A-001B8C3E965D}.Release|Any CPU.ActiveCfg = Release|Any CPU
		{EF3BE6DB-3257-4F1B-9B6A-001B8C3E965D}.Release|Any CPU.Build.0 = Release|Any CPU
		{EF3BE6DB-3257-4F1B-9B6A-001B8C3E965D}.Release|ARM.ActiveCfg = Release|Any CPU
		{EF3BE6DB-3257-4F1B-9B6A-001B8C3E965D}.Release|ARM.Build.0 = Release|Any CPU
		{EF3BE6DB-3257-4F1B-9B6A-001B8C3E965D}.Release|x64.ActiveCfg = Release|Any CPU
		{EF3BE6DB-3257-4F1B-9B6A-001B8C3E965D}.Release|x64.Build.0 = Release|Any CPU
		{EF3BE6DB-3257-4F1B-9B6A-001B8C3E965D}.Release|x86.ActiveCfg = Release|Any CPU
		{EF3BE6DB-3257-4F1B-9B6A-001B8C3E965D}.Release|x86.Build.0 = Release|Any CPU
		{0F2E3F6E-B333-4800-A511-DDC1E79996FB}.Debug|Any CPU.ActiveCfg = Debug|Any CPU
		{0F2E3F6E-B333-4800-A511-DDC1E79996FB}.Debug|Any CPU.Build.0 = Debug|Any CPU
		{0F2E3F6E-B333-4800-A511-DDC1E79996FB}.Debug|ARM.ActiveCfg = Debug|Any CPU
		{0F2E3F6E-B333-4800-A511-DDC1E79996FB}.Debug|ARM.Build.0 = Debug|Any CPU
		{0F2E3F6E-B333-4800-A511-DDC1E79996FB}.Debug|x64.ActiveCfg = Debug|Any CPU
		{0F2E3F6E-B333-4800-A511-DDC1E79996FB}.Debug|x64.Build.0 = Debug|Any CPU
		{0F2E3F6E-B333-4800-A511-DDC1E79996FB}.Debug|x86.ActiveCfg = Debug|Any CPU
		{0F2E3F6E-B333-4800-A511-DDC1E79996FB}.Debug|x86.Build.0 = Debug|Any CPU
		{0F2E3F6E-B333-4800-A511-DDC1E79996FB}.Release|Any CPU.ActiveCfg = Release|Any CPU
		{0F2E3F6E-B333-4800-A511-DDC1E79996FB}.Release|Any CPU.Build.0 = Release|Any CPU
		{0F2E3F6E-B333-4800-A511-DDC1E79996FB}.Release|ARM.ActiveCfg = Release|Any CPU
		{0F2E3F6E-B333-4800-A511-DDC1E79996FB}.Release|ARM.Build.0 = Release|Any CPU
		{0F2E3F6E-B333-4800-A511-DDC1E79996FB}.Release|x64.ActiveCfg = Release|Any CPU
		{0F2E3F6E-B333-4800-A511-DDC1E79996FB}.Release|x64.Build.0 = Release|Any CPU
		{0F2E3F6E-B333-4800-A511-DDC1E79996FB}.Release|x86.ActiveCfg = Release|Any CPU
		{0F2E3F6E-B333-4800-A511-DDC1E79996FB}.Release|x86.Build.0 = Release|Any CPU
		{87C5482C-8246-4D27-BF08-9301A11A3981}.Debug|Any CPU.ActiveCfg = Debug|Any CPU
		{87C5482C-8246-4D27-BF08-9301A11A3981}.Debug|Any CPU.Build.0 = Debug|Any CPU
		{87C5482C-8246-4D27-BF08-9301A11A3981}.Debug|ARM.ActiveCfg = Debug|Any CPU
		{87C5482C-8246-4D27-BF08-9301A11A3981}.Debug|ARM.Build.0 = Debug|Any CPU
		{87C5482C-8246-4D27-BF08-9301A11A3981}.Debug|x64.ActiveCfg = Debug|Any CPU
		{87C5482C-8246-4D27-BF08-9301A11A3981}.Debug|x64.Build.0 = Debug|Any CPU
		{87C5482C-8246-4D27-BF08-9301A11A3981}.Debug|x86.ActiveCfg = Debug|Any CPU
		{87C5482C-8246-4D27-BF08-9301A11A3981}.Debug|x86.Build.0 = Debug|Any CPU
		{87C5482C-8246-4D27-BF08-9301A11A3981}.Release|Any CPU.ActiveCfg = Release|Any CPU
		{87C5482C-8246-4D27-BF08-9301A11A3981}.Release|Any CPU.Build.0 = Release|Any CPU
		{87C5482C-8246-4D27-BF08-9301A11A3981}.Release|ARM.ActiveCfg = Release|Any CPU
		{87C5482C-8246-4D27-BF08-9301A11A3981}.Release|ARM.Build.0 = Release|Any CPU
		{87C5482C-8246-4D27-BF08-9301A11A3981}.Release|x64.ActiveCfg = Release|Any CPU
		{87C5482C-8246-4D27-BF08-9301A11A3981}.Release|x64.Build.0 = Release|Any CPU
		{87C5482C-8246-4D27-BF08-9301A11A3981}.Release|x86.ActiveCfg = Release|Any CPU
		{87C5482C-8246-4D27-BF08-9301A11A3981}.Release|x86.Build.0 = Release|Any CPU
		{45A5D651-7EBA-46C2-A078-4C0B07206B09}.Debug|Any CPU.ActiveCfg = Debug|Any CPU
		{45A5D651-7EBA-46C2-A078-4C0B07206B09}.Debug|Any CPU.Build.0 = Debug|Any CPU
		{45A5D651-7EBA-46C2-A078-4C0B07206B09}.Debug|ARM.ActiveCfg = Debug|Any CPU
		{45A5D651-7EBA-46C2-A078-4C0B07206B09}.Debug|ARM.Build.0 = Debug|Any CPU
		{45A5D651-7EBA-46C2-A078-4C0B07206B09}.Debug|x64.ActiveCfg = Debug|Any CPU
		{45A5D651-7EBA-46C2-A078-4C0B07206B09}.Debug|x64.Build.0 = Debug|Any CPU
		{45A5D651-7EBA-46C2-A078-4C0B07206B09}.Debug|x86.ActiveCfg = Debug|Any CPU
		{45A5D651-7EBA-46C2-A078-4C0B07206B09}.Debug|x86.Build.0 = Debug|Any CPU
		{45A5D651-7EBA-46C2-A078-4C0B07206B09}.Release|Any CPU.ActiveCfg = Release|Any CPU
		{45A5D651-7EBA-46C2-A078-4C0B07206B09}.Release|Any CPU.Build.0 = Release|Any CPU
		{45A5D651-7EBA-46C2-A078-4C0B07206B09}.Release|ARM.ActiveCfg = Release|Any CPU
		{45A5D651-7EBA-46C2-A078-4C0B07206B09}.Release|ARM.Build.0 = Release|Any CPU
		{45A5D651-7EBA-46C2-A078-4C0B07206B09}.Release|x64.ActiveCfg = Release|Any CPU
		{45A5D651-7EBA-46C2-A078-4C0B07206B09}.Release|x64.Build.0 = Release|Any CPU
		{45A5D651-7EBA-46C2-A078-4C0B07206B09}.Release|x86.ActiveCfg = Release|Any CPU
		{45A5D651-7EBA-46C2-A078-4C0B07206B09}.Release|x86.Build.0 = Release|Any CPU
		{8DFAEEA9-6B70-440D-A270-F1BE3B2AF3F3}.Debug|Any CPU.ActiveCfg = Debug|Any CPU
		{8DFAEEA9-6B70-440D-A270-F1BE3B2AF3F3}.Debug|Any CPU.Build.0 = Debug|Any CPU
		{8DFAEEA9-6B70-440D-A270-F1BE3B2AF3F3}.Debug|ARM.ActiveCfg = Debug|Any CPU
		{8DFAEEA9-6B70-440D-A270-F1BE3B2AF3F3}.Debug|ARM.Build.0 = Debug|Any CPU
		{8DFAEEA9-6B70-440D-A270-F1BE3B2AF3F3}.Debug|x64.ActiveCfg = Debug|Any CPU
		{8DFAEEA9-6B70-440D-A270-F1BE3B2AF3F3}.Debug|x64.Build.0 = Debug|Any CPU
		{8DFAEEA9-6B70-440D-A270-F1BE3B2AF3F3}.Debug|x86.ActiveCfg = Debug|Any CPU
		{8DFAEEA9-6B70-440D-A270-F1BE3B2AF3F3}.Debug|x86.Build.0 = Debug|Any CPU
		{8DFAEEA9-6B70-440D-A270-F1BE3B2AF3F3}.Release|Any CPU.ActiveCfg = Release|Any CPU
		{8DFAEEA9-6B70-440D-A270-F1BE3B2AF3F3}.Release|Any CPU.Build.0 = Release|Any CPU
		{8DFAEEA9-6B70-440D-A270-F1BE3B2AF3F3}.Release|ARM.ActiveCfg = Release|Any CPU
		{8DFAEEA9-6B70-440D-A270-F1BE3B2AF3F3}.Release|ARM.Build.0 = Release|Any CPU
		{8DFAEEA9-6B70-440D-A270-F1BE3B2AF3F3}.Release|x64.ActiveCfg = Release|Any CPU
		{8DFAEEA9-6B70-440D-A270-F1BE3B2AF3F3}.Release|x64.Build.0 = Release|Any CPU
		{8DFAEEA9-6B70-440D-A270-F1BE3B2AF3F3}.Release|x86.ActiveCfg = Release|Any CPU
		{8DFAEEA9-6B70-440D-A270-F1BE3B2AF3F3}.Release|x86.Build.0 = Release|Any CPU
		{D6234632-D5A3-4E52-8B4C-C646D024CDEE}.Debug|Any CPU.ActiveCfg = Debug|Any CPU
		{D6234632-D5A3-4E52-8B4C-C646D024CDEE}.Debug|Any CPU.Build.0 = Debug|Any CPU
		{D6234632-D5A3-4E52-8B4C-C646D024CDEE}.Debug|ARM.ActiveCfg = Debug|Any CPU
		{D6234632-D5A3-4E52-8B4C-C646D024CDEE}.Debug|ARM.Build.0 = Debug|Any CPU
		{D6234632-D5A3-4E52-8B4C-C646D024CDEE}.Debug|x64.ActiveCfg = Debug|Any CPU
		{D6234632-D5A3-4E52-8B4C-C646D024CDEE}.Debug|x64.Build.0 = Debug|Any CPU
		{D6234632-D5A3-4E52-8B4C-C646D024CDEE}.Debug|x86.ActiveCfg = Debug|Any CPU
		{D6234632-D5A3-4E52-8B4C-C646D024CDEE}.Debug|x86.Build.0 = Debug|Any CPU
		{D6234632-D5A3-4E52-8B4C-C646D024CDEE}.Release|Any CPU.ActiveCfg = Release|Any CPU
		{D6234632-D5A3-4E52-8B4C-C646D024CDEE}.Release|Any CPU.Build.0 = Release|Any CPU
		{D6234632-D5A3-4E52-8B4C-C646D024CDEE}.Release|ARM.ActiveCfg = Release|Any CPU
		{D6234632-D5A3-4E52-8B4C-C646D024CDEE}.Release|ARM.Build.0 = Release|Any CPU
		{D6234632-D5A3-4E52-8B4C-C646D024CDEE}.Release|x64.ActiveCfg = Release|Any CPU
		{D6234632-D5A3-4E52-8B4C-C646D024CDEE}.Release|x64.Build.0 = Release|Any CPU
		{D6234632-D5A3-4E52-8B4C-C646D024CDEE}.Release|x86.ActiveCfg = Release|Any CPU
		{D6234632-D5A3-4E52-8B4C-C646D024CDEE}.Release|x86.Build.0 = Release|Any CPU
		{2A223DAC-C0C7-429F-8095-4BC465D7E9FE}.Debug|Any CPU.ActiveCfg = Debug|Any CPU
		{2A223DAC-C0C7-429F-8095-4BC465D7E9FE}.Debug|Any CPU.Build.0 = Debug|Any CPU
		{2A223DAC-C0C7-429F-8095-4BC465D7E9FE}.Debug|ARM.ActiveCfg = Debug|Any CPU
		{2A223DAC-C0C7-429F-8095-4BC465D7E9FE}.Debug|ARM.Build.0 = Debug|Any CPU
		{2A223DAC-C0C7-429F-8095-4BC465D7E9FE}.Debug|x64.ActiveCfg = Debug|Any CPU
		{2A223DAC-C0C7-429F-8095-4BC465D7E9FE}.Debug|x64.Build.0 = Debug|Any CPU
		{2A223DAC-C0C7-429F-8095-4BC465D7E9FE}.Debug|x86.ActiveCfg = Debug|Any CPU
		{2A223DAC-C0C7-429F-8095-4BC465D7E9FE}.Debug|x86.Build.0 = Debug|Any CPU
		{2A223DAC-C0C7-429F-8095-4BC465D7E9FE}.Release|Any CPU.ActiveCfg = Release|Any CPU
		{2A223DAC-C0C7-429F-8095-4BC465D7E9FE}.Release|Any CPU.Build.0 = Release|Any CPU
		{2A223DAC-C0C7-429F-8095-4BC465D7E9FE}.Release|ARM.ActiveCfg = Release|Any CPU
		{2A223DAC-C0C7-429F-8095-4BC465D7E9FE}.Release|ARM.Build.0 = Release|Any CPU
		{2A223DAC-C0C7-429F-8095-4BC465D7E9FE}.Release|x64.ActiveCfg = Release|Any CPU
		{2A223DAC-C0C7-429F-8095-4BC465D7E9FE}.Release|x64.Build.0 = Release|Any CPU
		{2A223DAC-C0C7-429F-8095-4BC465D7E9FE}.Release|x86.ActiveCfg = Release|Any CPU
		{2A223DAC-C0C7-429F-8095-4BC465D7E9FE}.Release|x86.Build.0 = Release|Any CPU
		{B4E39C2C-EE82-47D3-91E9-011BC119DDFF}.Debug|Any CPU.ActiveCfg = Debug|Any CPU
		{B4E39C2C-EE82-47D3-91E9-011BC119DDFF}.Debug|Any CPU.Build.0 = Debug|Any CPU
		{B4E39C2C-EE82-47D3-91E9-011BC119DDFF}.Debug|ARM.ActiveCfg = Debug|Any CPU
		{B4E39C2C-EE82-47D3-91E9-011BC119DDFF}.Debug|ARM.Build.0 = Debug|Any CPU
		{B4E39C2C-EE82-47D3-91E9-011BC119DDFF}.Debug|x64.ActiveCfg = Debug|Any CPU
		{B4E39C2C-EE82-47D3-91E9-011BC119DDFF}.Debug|x64.Build.0 = Debug|Any CPU
		{B4E39C2C-EE82-47D3-91E9-011BC119DDFF}.Debug|x86.ActiveCfg = Debug|Any CPU
		{B4E39C2C-EE82-47D3-91E9-011BC119DDFF}.Debug|x86.Build.0 = Debug|Any CPU
		{B4E39C2C-EE82-47D3-91E9-011BC119DDFF}.Release|Any CPU.ActiveCfg = Release|Any CPU
		{B4E39C2C-EE82-47D3-91E9-011BC119DDFF}.Release|Any CPU.Build.0 = Release|Any CPU
		{B4E39C2C-EE82-47D3-91E9-011BC119DDFF}.Release|ARM.ActiveCfg = Release|Any CPU
		{B4E39C2C-EE82-47D3-91E9-011BC119DDFF}.Release|ARM.Build.0 = Release|Any CPU
		{B4E39C2C-EE82-47D3-91E9-011BC119DDFF}.Release|x64.ActiveCfg = Release|Any CPU
		{B4E39C2C-EE82-47D3-91E9-011BC119DDFF}.Release|x64.Build.0 = Release|Any CPU
		{B4E39C2C-EE82-47D3-91E9-011BC119DDFF}.Release|x86.ActiveCfg = Release|Any CPU
		{B4E39C2C-EE82-47D3-91E9-011BC119DDFF}.Release|x86.Build.0 = Release|Any CPU
		{9AE5051A-4890-4864-B451-B505CE6F36B6}.Debug|Any CPU.ActiveCfg = Debug|Any CPU
		{9AE5051A-4890-4864-B451-B505CE6F36B6}.Debug|Any CPU.Build.0 = Debug|Any CPU
		{9AE5051A-4890-4864-B451-B505CE6F36B6}.Debug|ARM.ActiveCfg = Debug|Any CPU
		{9AE5051A-4890-4864-B451-B505CE6F36B6}.Debug|ARM.Build.0 = Debug|Any CPU
		{9AE5051A-4890-4864-B451-B505CE6F36B6}.Debug|x64.ActiveCfg = Debug|Any CPU
		{9AE5051A-4890-4864-B451-B505CE6F36B6}.Debug|x64.Build.0 = Debug|Any CPU
		{9AE5051A-4890-4864-B451-B505CE6F36B6}.Debug|x86.ActiveCfg = Debug|Any CPU
		{9AE5051A-4890-4864-B451-B505CE6F36B6}.Debug|x86.Build.0 = Debug|Any CPU
		{9AE5051A-4890-4864-B451-B505CE6F36B6}.Release|Any CPU.ActiveCfg = Release|Any CPU
		{9AE5051A-4890-4864-B451-B505CE6F36B6}.Release|Any CPU.Build.0 = Release|Any CPU
		{9AE5051A-4890-4864-B451-B505CE6F36B6}.Release|ARM.ActiveCfg = Release|Any CPU
		{9AE5051A-4890-4864-B451-B505CE6F36B6}.Release|ARM.Build.0 = Release|Any CPU
		{9AE5051A-4890-4864-B451-B505CE6F36B6}.Release|x64.ActiveCfg = Release|Any CPU
		{9AE5051A-4890-4864-B451-B505CE6F36B6}.Release|x64.Build.0 = Release|Any CPU
		{9AE5051A-4890-4864-B451-B505CE6F36B6}.Release|x86.ActiveCfg = Release|Any CPU
		{9AE5051A-4890-4864-B451-B505CE6F36B6}.Release|x86.Build.0 = Release|Any CPU
		{CFFEC645-193C-410A-A2EB-587D86C1833D}.Debug|Any CPU.ActiveCfg = Debug|Any CPU
		{CFFEC645-193C-410A-A2EB-587D86C1833D}.Debug|Any CPU.Build.0 = Debug|Any CPU
		{CFFEC645-193C-410A-A2EB-587D86C1833D}.Debug|ARM.ActiveCfg = Debug|Any CPU
		{CFFEC645-193C-410A-A2EB-587D86C1833D}.Debug|ARM.Build.0 = Debug|Any CPU
		{CFFEC645-193C-410A-A2EB-587D86C1833D}.Debug|x64.ActiveCfg = Debug|Any CPU
		{CFFEC645-193C-410A-A2EB-587D86C1833D}.Debug|x64.Build.0 = Debug|Any CPU
		{CFFEC645-193C-410A-A2EB-587D86C1833D}.Debug|x86.ActiveCfg = Debug|Any CPU
		{CFFEC645-193C-410A-A2EB-587D86C1833D}.Debug|x86.Build.0 = Debug|Any CPU
		{CFFEC645-193C-410A-A2EB-587D86C1833D}.Release|Any CPU.ActiveCfg = Release|Any CPU
		{CFFEC645-193C-410A-A2EB-587D86C1833D}.Release|Any CPU.Build.0 = Release|Any CPU
		{CFFEC645-193C-410A-A2EB-587D86C1833D}.Release|ARM.ActiveCfg = Release|Any CPU
		{CFFEC645-193C-410A-A2EB-587D86C1833D}.Release|ARM.Build.0 = Release|Any CPU
		{CFFEC645-193C-410A-A2EB-587D86C1833D}.Release|x64.ActiveCfg = Release|Any CPU
		{CFFEC645-193C-410A-A2EB-587D86C1833D}.Release|x64.Build.0 = Release|Any CPU
		{CFFEC645-193C-410A-A2EB-587D86C1833D}.Release|x86.ActiveCfg = Release|Any CPU
		{CFFEC645-193C-410A-A2EB-587D86C1833D}.Release|x86.Build.0 = Release|Any CPU
		{BCB8AD30-5ADA-41D6-B8FE-35616952809D}.Debug|Any CPU.ActiveCfg = Debug|Any CPU
		{BCB8AD30-5ADA-41D6-B8FE-35616952809D}.Debug|Any CPU.Build.0 = Debug|Any CPU
		{BCB8AD30-5ADA-41D6-B8FE-35616952809D}.Debug|ARM.ActiveCfg = Debug|Any CPU
		{BCB8AD30-5ADA-41D6-B8FE-35616952809D}.Debug|ARM.Build.0 = Debug|Any CPU
		{BCB8AD30-5ADA-41D6-B8FE-35616952809D}.Debug|x64.ActiveCfg = Debug|Any CPU
		{BCB8AD30-5ADA-41D6-B8FE-35616952809D}.Debug|x64.Build.0 = Debug|Any CPU
		{BCB8AD30-5ADA-41D6-B8FE-35616952809D}.Debug|x86.ActiveCfg = Debug|Any CPU
		{BCB8AD30-5ADA-41D6-B8FE-35616952809D}.Debug|x86.Build.0 = Debug|Any CPU
		{BCB8AD30-5ADA-41D6-B8FE-35616952809D}.Release|Any CPU.ActiveCfg = Release|Any CPU
		{BCB8AD30-5ADA-41D6-B8FE-35616952809D}.Release|Any CPU.Build.0 = Release|Any CPU
		{BCB8AD30-5ADA-41D6-B8FE-35616952809D}.Release|ARM.ActiveCfg = Release|Any CPU
		{BCB8AD30-5ADA-41D6-B8FE-35616952809D}.Release|ARM.Build.0 = Release|Any CPU
		{BCB8AD30-5ADA-41D6-B8FE-35616952809D}.Release|x64.ActiveCfg = Release|Any CPU
		{BCB8AD30-5ADA-41D6-B8FE-35616952809D}.Release|x64.Build.0 = Release|Any CPU
		{BCB8AD30-5ADA-41D6-B8FE-35616952809D}.Release|x86.ActiveCfg = Release|Any CPU
		{BCB8AD30-5ADA-41D6-B8FE-35616952809D}.Release|x86.Build.0 = Release|Any CPU
		{57DA92F8-1D2E-4E7B-BBB4-2157D3729C7E}.Debug|Any CPU.ActiveCfg = Debug|Any CPU
		{57DA92F8-1D2E-4E7B-BBB4-2157D3729C7E}.Debug|Any CPU.Build.0 = Debug|Any CPU
		{57DA92F8-1D2E-4E7B-BBB4-2157D3729C7E}.Debug|ARM.ActiveCfg = Debug|Any CPU
		{57DA92F8-1D2E-4E7B-BBB4-2157D3729C7E}.Debug|ARM.Build.0 = Debug|Any CPU
		{57DA92F8-1D2E-4E7B-BBB4-2157D3729C7E}.Debug|x64.ActiveCfg = Debug|Any CPU
		{57DA92F8-1D2E-4E7B-BBB4-2157D3729C7E}.Debug|x64.Build.0 = Debug|Any CPU
		{57DA92F8-1D2E-4E7B-BBB4-2157D3729C7E}.Debug|x86.ActiveCfg = Debug|Any CPU
		{57DA92F8-1D2E-4E7B-BBB4-2157D3729C7E}.Debug|x86.Build.0 = Debug|Any CPU
		{57DA92F8-1D2E-4E7B-BBB4-2157D3729C7E}.Release|Any CPU.ActiveCfg = Release|Any CPU
		{57DA92F8-1D2E-4E7B-BBB4-2157D3729C7E}.Release|Any CPU.Build.0 = Release|Any CPU
		{57DA92F8-1D2E-4E7B-BBB4-2157D3729C7E}.Release|ARM.ActiveCfg = Release|Any CPU
		{57DA92F8-1D2E-4E7B-BBB4-2157D3729C7E}.Release|ARM.Build.0 = Release|Any CPU
		{57DA92F8-1D2E-4E7B-BBB4-2157D3729C7E}.Release|x64.ActiveCfg = Release|Any CPU
		{57DA92F8-1D2E-4E7B-BBB4-2157D3729C7E}.Release|x64.Build.0 = Release|Any CPU
		{57DA92F8-1D2E-4E7B-BBB4-2157D3729C7E}.Release|x86.ActiveCfg = Release|Any CPU
		{57DA92F8-1D2E-4E7B-BBB4-2157D3729C7E}.Release|x86.Build.0 = Release|Any CPU
		{06F81EEC-FBDD-4482-9453-FDACD4EB51D9}.Debug|Any CPU.ActiveCfg = Debug|Any CPU
		{06F81EEC-FBDD-4482-9453-FDACD4EB51D9}.Debug|Any CPU.Build.0 = Debug|Any CPU
		{06F81EEC-FBDD-4482-9453-FDACD4EB51D9}.Debug|ARM.ActiveCfg = Debug|Any CPU
		{06F81EEC-FBDD-4482-9453-FDACD4EB51D9}.Debug|ARM.Build.0 = Debug|Any CPU
		{06F81EEC-FBDD-4482-9453-FDACD4EB51D9}.Debug|x64.ActiveCfg = Debug|Any CPU
		{06F81EEC-FBDD-4482-9453-FDACD4EB51D9}.Debug|x64.Build.0 = Debug|Any CPU
		{06F81EEC-FBDD-4482-9453-FDACD4EB51D9}.Debug|x86.ActiveCfg = Debug|Any CPU
		{06F81EEC-FBDD-4482-9453-FDACD4EB51D9}.Debug|x86.Build.0 = Debug|Any CPU
		{06F81EEC-FBDD-4482-9453-FDACD4EB51D9}.Release|Any CPU.ActiveCfg = Release|Any CPU
		{06F81EEC-FBDD-4482-9453-FDACD4EB51D9}.Release|Any CPU.Build.0 = Release|Any CPU
		{06F81EEC-FBDD-4482-9453-FDACD4EB51D9}.Release|ARM.ActiveCfg = Release|Any CPU
		{06F81EEC-FBDD-4482-9453-FDACD4EB51D9}.Release|ARM.Build.0 = Release|Any CPU
		{06F81EEC-FBDD-4482-9453-FDACD4EB51D9}.Release|x64.ActiveCfg = Release|Any CPU
		{06F81EEC-FBDD-4482-9453-FDACD4EB51D9}.Release|x64.Build.0 = Release|Any CPU
		{06F81EEC-FBDD-4482-9453-FDACD4EB51D9}.Release|x86.ActiveCfg = Release|Any CPU
		{06F81EEC-FBDD-4482-9453-FDACD4EB51D9}.Release|x86.Build.0 = Release|Any CPU
		{E4F4DA0D-CAD6-40E6-83B2-EC2AB22F5D49}.Debug|Any CPU.ActiveCfg = Debug|Any CPU
		{E4F4DA0D-CAD6-40E6-83B2-EC2AB22F5D49}.Debug|Any CPU.Build.0 = Debug|Any CPU
		{E4F4DA0D-CAD6-40E6-83B2-EC2AB22F5D49}.Debug|ARM.ActiveCfg = Debug|Any CPU
		{E4F4DA0D-CAD6-40E6-83B2-EC2AB22F5D49}.Debug|ARM.Build.0 = Debug|Any CPU
		{E4F4DA0D-CAD6-40E6-83B2-EC2AB22F5D49}.Debug|x64.ActiveCfg = Debug|Any CPU
		{E4F4DA0D-CAD6-40E6-83B2-EC2AB22F5D49}.Debug|x64.Build.0 = Debug|Any CPU
		{E4F4DA0D-CAD6-40E6-83B2-EC2AB22F5D49}.Debug|x86.ActiveCfg = Debug|Any CPU
		{E4F4DA0D-CAD6-40E6-83B2-EC2AB22F5D49}.Debug|x86.Build.0 = Debug|Any CPU
		{E4F4DA0D-CAD6-40E6-83B2-EC2AB22F5D49}.Release|Any CPU.ActiveCfg = Release|Any CPU
		{E4F4DA0D-CAD6-40E6-83B2-EC2AB22F5D49}.Release|Any CPU.Build.0 = Release|Any CPU
		{E4F4DA0D-CAD6-40E6-83B2-EC2AB22F5D49}.Release|ARM.ActiveCfg = Release|Any CPU
		{E4F4DA0D-CAD6-40E6-83B2-EC2AB22F5D49}.Release|ARM.Build.0 = Release|Any CPU
		{E4F4DA0D-CAD6-40E6-83B2-EC2AB22F5D49}.Release|x64.ActiveCfg = Release|Any CPU
		{E4F4DA0D-CAD6-40E6-83B2-EC2AB22F5D49}.Release|x64.Build.0 = Release|Any CPU
		{E4F4DA0D-CAD6-40E6-83B2-EC2AB22F5D49}.Release|x86.ActiveCfg = Release|Any CPU
		{E4F4DA0D-CAD6-40E6-83B2-EC2AB22F5D49}.Release|x86.Build.0 = Release|Any CPU
		{3A1C88CE-FE1C-42AF-9FD4-2B58FB88A276}.Debug|Any CPU.ActiveCfg = Debug|Any CPU
		{3A1C88CE-FE1C-42AF-9FD4-2B58FB88A276}.Debug|Any CPU.Build.0 = Debug|Any CPU
		{3A1C88CE-FE1C-42AF-9FD4-2B58FB88A276}.Debug|ARM.ActiveCfg = Debug|Any CPU
		{3A1C88CE-FE1C-42AF-9FD4-2B58FB88A276}.Debug|ARM.Build.0 = Debug|Any CPU
		{3A1C88CE-FE1C-42AF-9FD4-2B58FB88A276}.Debug|x64.ActiveCfg = Debug|Any CPU
		{3A1C88CE-FE1C-42AF-9FD4-2B58FB88A276}.Debug|x64.Build.0 = Debug|Any CPU
		{3A1C88CE-FE1C-42AF-9FD4-2B58FB88A276}.Debug|x86.ActiveCfg = Debug|Any CPU
		{3A1C88CE-FE1C-42AF-9FD4-2B58FB88A276}.Debug|x86.Build.0 = Debug|Any CPU
		{3A1C88CE-FE1C-42AF-9FD4-2B58FB88A276}.Release|Any CPU.ActiveCfg = Release|Any CPU
		{3A1C88CE-FE1C-42AF-9FD4-2B58FB88A276}.Release|Any CPU.Build.0 = Release|Any CPU
		{3A1C88CE-FE1C-42AF-9FD4-2B58FB88A276}.Release|ARM.ActiveCfg = Release|Any CPU
		{3A1C88CE-FE1C-42AF-9FD4-2B58FB88A276}.Release|ARM.Build.0 = Release|Any CPU
		{3A1C88CE-FE1C-42AF-9FD4-2B58FB88A276}.Release|x64.ActiveCfg = Release|Any CPU
		{3A1C88CE-FE1C-42AF-9FD4-2B58FB88A276}.Release|x64.Build.0 = Release|Any CPU
		{3A1C88CE-FE1C-42AF-9FD4-2B58FB88A276}.Release|x86.ActiveCfg = Release|Any CPU
		{3A1C88CE-FE1C-42AF-9FD4-2B58FB88A276}.Release|x86.Build.0 = Release|Any CPU
		{1B71BEF7-2534-4D77-B356-CFDDDA05E8C6}.Debug|Any CPU.ActiveCfg = Debug|Any CPU
		{1B71BEF7-2534-4D77-B356-CFDDDA05E8C6}.Debug|Any CPU.Build.0 = Debug|Any CPU
		{1B71BEF7-2534-4D77-B356-CFDDDA05E8C6}.Debug|ARM.ActiveCfg = Debug|Any CPU
		{1B71BEF7-2534-4D77-B356-CFDDDA05E8C6}.Debug|ARM.Build.0 = Debug|Any CPU
		{1B71BEF7-2534-4D77-B356-CFDDDA05E8C6}.Debug|x64.ActiveCfg = Debug|Any CPU
		{1B71BEF7-2534-4D77-B356-CFDDDA05E8C6}.Debug|x64.Build.0 = Debug|Any CPU
		{1B71BEF7-2534-4D77-B356-CFDDDA05E8C6}.Debug|x86.ActiveCfg = Debug|Any CPU
		{1B71BEF7-2534-4D77-B356-CFDDDA05E8C6}.Debug|x86.Build.0 = Debug|Any CPU
		{1B71BEF7-2534-4D77-B356-CFDDDA05E8C6}.Release|Any CPU.ActiveCfg = Release|Any CPU
		{1B71BEF7-2534-4D77-B356-CFDDDA05E8C6}.Release|Any CPU.Build.0 = Release|Any CPU
		{1B71BEF7-2534-4D77-B356-CFDDDA05E8C6}.Release|ARM.ActiveCfg = Release|Any CPU
		{1B71BEF7-2534-4D77-B356-CFDDDA05E8C6}.Release|ARM.Build.0 = Release|Any CPU
		{1B71BEF7-2534-4D77-B356-CFDDDA05E8C6}.Release|x64.ActiveCfg = Release|Any CPU
		{1B71BEF7-2534-4D77-B356-CFDDDA05E8C6}.Release|x64.Build.0 = Release|Any CPU
		{1B71BEF7-2534-4D77-B356-CFDDDA05E8C6}.Release|x86.ActiveCfg = Release|Any CPU
		{1B71BEF7-2534-4D77-B356-CFDDDA05E8C6}.Release|x86.Build.0 = Release|Any CPU
		{EBFB450F-136B-40B1-9206-B3EEAAAE9ADF}.Debug|Any CPU.ActiveCfg = Debug|Any CPU
		{EBFB450F-136B-40B1-9206-B3EEAAAE9ADF}.Debug|Any CPU.Build.0 = Debug|Any CPU
		{EBFB450F-136B-40B1-9206-B3EEAAAE9ADF}.Debug|Any CPU.Deploy.0 = Debug|Any CPU
		{EBFB450F-136B-40B1-9206-B3EEAAAE9ADF}.Debug|ARM.ActiveCfg = Debug|ARM
		{EBFB450F-136B-40B1-9206-B3EEAAAE9ADF}.Debug|ARM.Build.0 = Debug|ARM
		{EBFB450F-136B-40B1-9206-B3EEAAAE9ADF}.Debug|ARM.Deploy.0 = Debug|ARM
		{EBFB450F-136B-40B1-9206-B3EEAAAE9ADF}.Debug|x64.ActiveCfg = Debug|x64
		{EBFB450F-136B-40B1-9206-B3EEAAAE9ADF}.Debug|x64.Build.0 = Debug|x64
		{EBFB450F-136B-40B1-9206-B3EEAAAE9ADF}.Debug|x64.Deploy.0 = Debug|x64
		{EBFB450F-136B-40B1-9206-B3EEAAAE9ADF}.Debug|x86.ActiveCfg = Debug|x86
		{EBFB450F-136B-40B1-9206-B3EEAAAE9ADF}.Debug|x86.Build.0 = Debug|x86
		{EBFB450F-136B-40B1-9206-B3EEAAAE9ADF}.Debug|x86.Deploy.0 = Debug|x86
		{EBFB450F-136B-40B1-9206-B3EEAAAE9ADF}.Release|Any CPU.ActiveCfg = Release|Any CPU
		{EBFB450F-136B-40B1-9206-B3EEAAAE9ADF}.Release|Any CPU.Build.0 = Release|Any CPU
		{EBFB450F-136B-40B1-9206-B3EEAAAE9ADF}.Release|Any CPU.Deploy.0 = Release|Any CPU
		{EBFB450F-136B-40B1-9206-B3EEAAAE9ADF}.Release|ARM.ActiveCfg = Release|ARM
		{EBFB450F-136B-40B1-9206-B3EEAAAE9ADF}.Release|ARM.Build.0 = Release|ARM
		{EBFB450F-136B-40B1-9206-B3EEAAAE9ADF}.Release|ARM.Deploy.0 = Release|ARM
		{EBFB450F-136B-40B1-9206-B3EEAAAE9ADF}.Release|x64.ActiveCfg = Release|x64
		{EBFB450F-136B-40B1-9206-B3EEAAAE9ADF}.Release|x64.Build.0 = Release|x64
		{EBFB450F-136B-40B1-9206-B3EEAAAE9ADF}.Release|x64.Deploy.0 = Release|x64
		{EBFB450F-136B-40B1-9206-B3EEAAAE9ADF}.Release|x86.ActiveCfg = Release|x86
		{EBFB450F-136B-40B1-9206-B3EEAAAE9ADF}.Release|x86.Build.0 = Release|x86
		{EBFB450F-136B-40B1-9206-B3EEAAAE9ADF}.Release|x86.Deploy.0 = Release|x86
		{C2D7B142-DDDD-42D4-8020-3AB57358D84C}.Debug|Any CPU.ActiveCfg = Debug|Any CPU
		{C2D7B142-DDDD-42D4-8020-3AB57358D84C}.Debug|Any CPU.Build.0 = Debug|Any CPU
		{C2D7B142-DDDD-42D4-8020-3AB57358D84C}.Debug|ARM.ActiveCfg = Debug|Any CPU
		{C2D7B142-DDDD-42D4-8020-3AB57358D84C}.Debug|ARM.Build.0 = Debug|Any CPU
		{C2D7B142-DDDD-42D4-8020-3AB57358D84C}.Debug|x64.ActiveCfg = Debug|Any CPU
		{C2D7B142-DDDD-42D4-8020-3AB57358D84C}.Debug|x64.Build.0 = Debug|Any CPU
		{C2D7B142-DDDD-42D4-8020-3AB57358D84C}.Debug|x86.ActiveCfg = Debug|Any CPU
		{C2D7B142-DDDD-42D4-8020-3AB57358D84C}.Debug|x86.Build.0 = Debug|Any CPU
		{C2D7B142-DDDD-42D4-8020-3AB57358D84C}.Release|Any CPU.ActiveCfg = Release|Any CPU
		{C2D7B142-DDDD-42D4-8020-3AB57358D84C}.Release|Any CPU.Build.0 = Release|Any CPU
		{C2D7B142-DDDD-42D4-8020-3AB57358D84C}.Release|ARM.ActiveCfg = Release|Any CPU
		{C2D7B142-DDDD-42D4-8020-3AB57358D84C}.Release|ARM.Build.0 = Release|Any CPU
		{C2D7B142-DDDD-42D4-8020-3AB57358D84C}.Release|x64.ActiveCfg = Release|Any CPU
		{C2D7B142-DDDD-42D4-8020-3AB57358D84C}.Release|x64.Build.0 = Release|Any CPU
		{C2D7B142-DDDD-42D4-8020-3AB57358D84C}.Release|x86.ActiveCfg = Release|Any CPU
		{C2D7B142-DDDD-42D4-8020-3AB57358D84C}.Release|x86.Build.0 = Release|Any CPU
		{967D6F5B-FAA5-4116-90EE-91EBA40B9BB6}.Debug|Any CPU.ActiveCfg = Debug|Any CPU
		{967D6F5B-FAA5-4116-90EE-91EBA40B9BB6}.Debug|Any CPU.Build.0 = Debug|Any CPU
		{967D6F5B-FAA5-4116-90EE-91EBA40B9BB6}.Debug|ARM.ActiveCfg = Debug|Any CPU
		{967D6F5B-FAA5-4116-90EE-91EBA40B9BB6}.Debug|ARM.Build.0 = Debug|Any CPU
		{967D6F5B-FAA5-4116-90EE-91EBA40B9BB6}.Debug|x64.ActiveCfg = Debug|Any CPU
		{967D6F5B-FAA5-4116-90EE-91EBA40B9BB6}.Debug|x64.Build.0 = Debug|Any CPU
		{967D6F5B-FAA5-4116-90EE-91EBA40B9BB6}.Debug|x86.ActiveCfg = Debug|Any CPU
		{967D6F5B-FAA5-4116-90EE-91EBA40B9BB6}.Debug|x86.Build.0 = Debug|Any CPU
		{967D6F5B-FAA5-4116-90EE-91EBA40B9BB6}.Release|Any CPU.ActiveCfg = Release|Any CPU
		{967D6F5B-FAA5-4116-90EE-91EBA40B9BB6}.Release|Any CPU.Build.0 = Release|Any CPU
		{967D6F5B-FAA5-4116-90EE-91EBA40B9BB6}.Release|ARM.ActiveCfg = Release|Any CPU
		{967D6F5B-FAA5-4116-90EE-91EBA40B9BB6}.Release|ARM.Build.0 = Release|Any CPU
		{967D6F5B-FAA5-4116-90EE-91EBA40B9BB6}.Release|x64.ActiveCfg = Release|Any CPU
		{967D6F5B-FAA5-4116-90EE-91EBA40B9BB6}.Release|x64.Build.0 = Release|Any CPU
		{967D6F5B-FAA5-4116-90EE-91EBA40B9BB6}.Release|x86.ActiveCfg = Release|Any CPU
		{967D6F5B-FAA5-4116-90EE-91EBA40B9BB6}.Release|x86.Build.0 = Release|Any CPU
		{8A2D306B-1B0B-4746-BA50-262779B93045}.Debug|Any CPU.ActiveCfg = Debug|Any CPU
		{8A2D306B-1B0B-4746-BA50-262779B93045}.Debug|Any CPU.Build.0 = Debug|Any CPU
		{8A2D306B-1B0B-4746-BA50-262779B93045}.Debug|ARM.ActiveCfg = Debug|Any CPU
		{8A2D306B-1B0B-4746-BA50-262779B93045}.Debug|ARM.Build.0 = Debug|Any CPU
		{8A2D306B-1B0B-4746-BA50-262779B93045}.Debug|x64.ActiveCfg = Debug|Any CPU
		{8A2D306B-1B0B-4746-BA50-262779B93045}.Debug|x64.Build.0 = Debug|Any CPU
		{8A2D306B-1B0B-4746-BA50-262779B93045}.Debug|x86.ActiveCfg = Debug|Any CPU
		{8A2D306B-1B0B-4746-BA50-262779B93045}.Debug|x86.Build.0 = Debug|Any CPU
		{8A2D306B-1B0B-4746-BA50-262779B93045}.Release|Any CPU.ActiveCfg = Release|Any CPU
		{8A2D306B-1B0B-4746-BA50-262779B93045}.Release|Any CPU.Build.0 = Release|Any CPU
		{8A2D306B-1B0B-4746-BA50-262779B93045}.Release|ARM.ActiveCfg = Release|Any CPU
		{8A2D306B-1B0B-4746-BA50-262779B93045}.Release|ARM.Build.0 = Release|Any CPU
		{8A2D306B-1B0B-4746-BA50-262779B93045}.Release|x64.ActiveCfg = Release|Any CPU
		{8A2D306B-1B0B-4746-BA50-262779B93045}.Release|x64.Build.0 = Release|Any CPU
		{8A2D306B-1B0B-4746-BA50-262779B93045}.Release|x86.ActiveCfg = Release|Any CPU
		{8A2D306B-1B0B-4746-BA50-262779B93045}.Release|x86.Build.0 = Release|Any CPU
		{BCD56B25-E506-4BA6-B745-AA6AFA0B0209}.Debug|Any CPU.ActiveCfg = Debug|Any CPU
		{BCD56B25-E506-4BA6-B745-AA6AFA0B0209}.Debug|Any CPU.Build.0 = Debug|Any CPU
		{BCD56B25-E506-4BA6-B745-AA6AFA0B0209}.Debug|ARM.ActiveCfg = Debug|Any CPU
		{BCD56B25-E506-4BA6-B745-AA6AFA0B0209}.Debug|ARM.Build.0 = Debug|Any CPU
		{BCD56B25-E506-4BA6-B745-AA6AFA0B0209}.Debug|x64.ActiveCfg = Debug|Any CPU
		{BCD56B25-E506-4BA6-B745-AA6AFA0B0209}.Debug|x64.Build.0 = Debug|Any CPU
		{BCD56B25-E506-4BA6-B745-AA6AFA0B0209}.Debug|x86.ActiveCfg = Debug|Any CPU
		{BCD56B25-E506-4BA6-B745-AA6AFA0B0209}.Debug|x86.Build.0 = Debug|Any CPU
		{BCD56B25-E506-4BA6-B745-AA6AFA0B0209}.Release|Any CPU.ActiveCfg = Release|Any CPU
		{BCD56B25-E506-4BA6-B745-AA6AFA0B0209}.Release|Any CPU.Build.0 = Release|Any CPU
		{BCD56B25-E506-4BA6-B745-AA6AFA0B0209}.Release|ARM.ActiveCfg = Release|Any CPU
		{BCD56B25-E506-4BA6-B745-AA6AFA0B0209}.Release|ARM.Build.0 = Release|Any CPU
		{BCD56B25-E506-4BA6-B745-AA6AFA0B0209}.Release|x64.ActiveCfg = Release|Any CPU
		{BCD56B25-E506-4BA6-B745-AA6AFA0B0209}.Release|x64.Build.0 = Release|Any CPU
		{BCD56B25-E506-4BA6-B745-AA6AFA0B0209}.Release|x86.ActiveCfg = Release|Any CPU
		{BCD56B25-E506-4BA6-B745-AA6AFA0B0209}.Release|x86.Build.0 = Release|Any CPU
		{7D8CF3A3-CDFB-4910-B9CC-F04AA4C20B42}.Debug|Any CPU.ActiveCfg = Debug|Any CPU
		{7D8CF3A3-CDFB-4910-B9CC-F04AA4C20B42}.Debug|Any CPU.Build.0 = Debug|Any CPU
		{7D8CF3A3-CDFB-4910-B9CC-F04AA4C20B42}.Debug|Any CPU.Deploy.0 = Debug|Any CPU
		{7D8CF3A3-CDFB-4910-B9CC-F04AA4C20B42}.Debug|ARM.ActiveCfg = Debug|ARM
		{7D8CF3A3-CDFB-4910-B9CC-F04AA4C20B42}.Debug|ARM.Build.0 = Debug|ARM
		{7D8CF3A3-CDFB-4910-B9CC-F04AA4C20B42}.Debug|ARM.Deploy.0 = Debug|ARM
		{7D8CF3A3-CDFB-4910-B9CC-F04AA4C20B42}.Debug|x64.ActiveCfg = Debug|x64
		{7D8CF3A3-CDFB-4910-B9CC-F04AA4C20B42}.Debug|x64.Build.0 = Debug|x64
		{7D8CF3A3-CDFB-4910-B9CC-F04AA4C20B42}.Debug|x64.Deploy.0 = Debug|x64
		{7D8CF3A3-CDFB-4910-B9CC-F04AA4C20B42}.Debug|x86.ActiveCfg = Debug|x86
		{7D8CF3A3-CDFB-4910-B9CC-F04AA4C20B42}.Debug|x86.Build.0 = Debug|x86
		{7D8CF3A3-CDFB-4910-B9CC-F04AA4C20B42}.Debug|x86.Deploy.0 = Debug|x86
		{7D8CF3A3-CDFB-4910-B9CC-F04AA4C20B42}.Release|Any CPU.ActiveCfg = Release|Any CPU
		{7D8CF3A3-CDFB-4910-B9CC-F04AA4C20B42}.Release|Any CPU.Build.0 = Release|Any CPU
		{7D8CF3A3-CDFB-4910-B9CC-F04AA4C20B42}.Release|Any CPU.Deploy.0 = Release|Any CPU
		{7D8CF3A3-CDFB-4910-B9CC-F04AA4C20B42}.Release|ARM.ActiveCfg = Release|ARM
		{7D8CF3A3-CDFB-4910-B9CC-F04AA4C20B42}.Release|ARM.Build.0 = Release|ARM
		{7D8CF3A3-CDFB-4910-B9CC-F04AA4C20B42}.Release|ARM.Deploy.0 = Release|ARM
		{7D8CF3A3-CDFB-4910-B9CC-F04AA4C20B42}.Release|x64.ActiveCfg = Release|x64
		{7D8CF3A3-CDFB-4910-B9CC-F04AA4C20B42}.Release|x64.Build.0 = Release|x64
		{7D8CF3A3-CDFB-4910-B9CC-F04AA4C20B42}.Release|x64.Deploy.0 = Release|x64
		{7D8CF3A3-CDFB-4910-B9CC-F04AA4C20B42}.Release|x86.ActiveCfg = Release|x86
		{7D8CF3A3-CDFB-4910-B9CC-F04AA4C20B42}.Release|x86.Build.0 = Release|x86
		{7D8CF3A3-CDFB-4910-B9CC-F04AA4C20B42}.Release|x86.Deploy.0 = Release|x86
		{0914C4FF-649A-4961-A11F-3329D03A8B39}.Debug|Any CPU.ActiveCfg = Debug|Any CPU
		{0914C4FF-649A-4961-A11F-3329D03A8B39}.Debug|Any CPU.Build.0 = Debug|Any CPU
		{0914C4FF-649A-4961-A11F-3329D03A8B39}.Debug|ARM.ActiveCfg = Debug|Any CPU
		{0914C4FF-649A-4961-A11F-3329D03A8B39}.Debug|ARM.Build.0 = Debug|Any CPU
		{0914C4FF-649A-4961-A11F-3329D03A8B39}.Debug|x64.ActiveCfg = Debug|Any CPU
		{0914C4FF-649A-4961-A11F-3329D03A8B39}.Debug|x64.Build.0 = Debug|Any CPU
		{0914C4FF-649A-4961-A11F-3329D03A8B39}.Debug|x86.ActiveCfg = Debug|Any CPU
		{0914C4FF-649A-4961-A11F-3329D03A8B39}.Debug|x86.Build.0 = Debug|Any CPU
		{0914C4FF-649A-4961-A11F-3329D03A8B39}.Release|Any CPU.ActiveCfg = Release|Any CPU
		{0914C4FF-649A-4961-A11F-3329D03A8B39}.Release|Any CPU.Build.0 = Release|Any CPU
		{0914C4FF-649A-4961-A11F-3329D03A8B39}.Release|ARM.ActiveCfg = Release|Any CPU
		{0914C4FF-649A-4961-A11F-3329D03A8B39}.Release|ARM.Build.0 = Release|Any CPU
		{0914C4FF-649A-4961-A11F-3329D03A8B39}.Release|x64.ActiveCfg = Release|Any CPU
		{0914C4FF-649A-4961-A11F-3329D03A8B39}.Release|x64.Build.0 = Release|Any CPU
		{0914C4FF-649A-4961-A11F-3329D03A8B39}.Release|x86.ActiveCfg = Release|Any CPU
		{0914C4FF-649A-4961-A11F-3329D03A8B39}.Release|x86.Build.0 = Release|Any CPU
		{97219821-1126-424D-A977-E9154FD5EF84}.Debug|Any CPU.ActiveCfg = Debug|Any CPU
		{97219821-1126-424D-A977-E9154FD5EF84}.Debug|Any CPU.Build.0 = Debug|Any CPU
		{97219821-1126-424D-A977-E9154FD5EF84}.Debug|ARM.ActiveCfg = Debug|Any CPU
		{97219821-1126-424D-A977-E9154FD5EF84}.Debug|ARM.Build.0 = Debug|Any CPU
		{97219821-1126-424D-A977-E9154FD5EF84}.Debug|x64.ActiveCfg = Debug|Any CPU
		{97219821-1126-424D-A977-E9154FD5EF84}.Debug|x64.Build.0 = Debug|Any CPU
		{97219821-1126-424D-A977-E9154FD5EF84}.Debug|x86.ActiveCfg = Debug|Any CPU
		{97219821-1126-424D-A977-E9154FD5EF84}.Debug|x86.Build.0 = Debug|Any CPU
		{97219821-1126-424D-A977-E9154FD5EF84}.Release|Any CPU.ActiveCfg = Release|Any CPU
		{97219821-1126-424D-A977-E9154FD5EF84}.Release|Any CPU.Build.0 = Release|Any CPU
		{97219821-1126-424D-A977-E9154FD5EF84}.Release|ARM.ActiveCfg = Release|Any CPU
		{97219821-1126-424D-A977-E9154FD5EF84}.Release|ARM.Build.0 = Release|Any CPU
		{97219821-1126-424D-A977-E9154FD5EF84}.Release|x64.ActiveCfg = Release|Any CPU
		{97219821-1126-424D-A977-E9154FD5EF84}.Release|x64.Build.0 = Release|Any CPU
		{97219821-1126-424D-A977-E9154FD5EF84}.Release|x86.ActiveCfg = Release|Any CPU
		{97219821-1126-424D-A977-E9154FD5EF84}.Release|x86.Build.0 = Release|Any CPU
		{3E9002A4-0DC9-4D5C-A895-88516AF1D6B0}.Debug|Any CPU.ActiveCfg = Debug|Any CPU
		{3E9002A4-0DC9-4D5C-A895-88516AF1D6B0}.Debug|Any CPU.Build.0 = Debug|Any CPU
		{3E9002A4-0DC9-4D5C-A895-88516AF1D6B0}.Debug|ARM.ActiveCfg = Debug|Any CPU
		{3E9002A4-0DC9-4D5C-A895-88516AF1D6B0}.Debug|ARM.Build.0 = Debug|Any CPU
		{3E9002A4-0DC9-4D5C-A895-88516AF1D6B0}.Debug|x64.ActiveCfg = Debug|Any CPU
		{3E9002A4-0DC9-4D5C-A895-88516AF1D6B0}.Debug|x64.Build.0 = Debug|Any CPU
		{3E9002A4-0DC9-4D5C-A895-88516AF1D6B0}.Debug|x86.ActiveCfg = Debug|Any CPU
		{3E9002A4-0DC9-4D5C-A895-88516AF1D6B0}.Debug|x86.Build.0 = Debug|Any CPU
		{3E9002A4-0DC9-4D5C-A895-88516AF1D6B0}.Release|Any CPU.ActiveCfg = Release|Any CPU
		{3E9002A4-0DC9-4D5C-A895-88516AF1D6B0}.Release|Any CPU.Build.0 = Release|Any CPU
		{3E9002A4-0DC9-4D5C-A895-88516AF1D6B0}.Release|ARM.ActiveCfg = Release|Any CPU
		{3E9002A4-0DC9-4D5C-A895-88516AF1D6B0}.Release|ARM.Build.0 = Release|Any CPU
		{3E9002A4-0DC9-4D5C-A895-88516AF1D6B0}.Release|x64.ActiveCfg = Release|Any CPU
		{3E9002A4-0DC9-4D5C-A895-88516AF1D6B0}.Release|x64.Build.0 = Release|Any CPU
		{3E9002A4-0DC9-4D5C-A895-88516AF1D6B0}.Release|x86.ActiveCfg = Release|Any CPU
		{3E9002A4-0DC9-4D5C-A895-88516AF1D6B0}.Release|x86.Build.0 = Release|Any CPU
		{39B2150C-E618-4082-B382-FA0270F5BFDA}.Debug|Any CPU.ActiveCfg = Debug|Any CPU
		{39B2150C-E618-4082-B382-FA0270F5BFDA}.Debug|Any CPU.Build.0 = Debug|Any CPU
		{39B2150C-E618-4082-B382-FA0270F5BFDA}.Debug|ARM.ActiveCfg = Debug|Any CPU
		{39B2150C-E618-4082-B382-FA0270F5BFDA}.Debug|ARM.Build.0 = Debug|Any CPU
		{39B2150C-E618-4082-B382-FA0270F5BFDA}.Debug|x64.ActiveCfg = Debug|Any CPU
		{39B2150C-E618-4082-B382-FA0270F5BFDA}.Debug|x64.Build.0 = Debug|Any CPU
		{39B2150C-E618-4082-B382-FA0270F5BFDA}.Debug|x86.ActiveCfg = Debug|Any CPU
		{39B2150C-E618-4082-B382-FA0270F5BFDA}.Debug|x86.Build.0 = Debug|Any CPU
		{39B2150C-E618-4082-B382-FA0270F5BFDA}.Release|Any CPU.ActiveCfg = Release|Any CPU
		{39B2150C-E618-4082-B382-FA0270F5BFDA}.Release|Any CPU.Build.0 = Release|Any CPU
		{39B2150C-E618-4082-B382-FA0270F5BFDA}.Release|ARM.ActiveCfg = Release|Any CPU
		{39B2150C-E618-4082-B382-FA0270F5BFDA}.Release|ARM.Build.0 = Release|Any CPU
		{39B2150C-E618-4082-B382-FA0270F5BFDA}.Release|x64.ActiveCfg = Release|Any CPU
		{39B2150C-E618-4082-B382-FA0270F5BFDA}.Release|x64.Build.0 = Release|Any CPU
		{39B2150C-E618-4082-B382-FA0270F5BFDA}.Release|x86.ActiveCfg = Release|Any CPU
		{39B2150C-E618-4082-B382-FA0270F5BFDA}.Release|x86.Build.0 = Release|Any CPU
		{FD11E8C3-0E70-445C-8EB5-A250799BEA75}.Debug|Any CPU.ActiveCfg = Debug|Any CPU
		{FD11E8C3-0E70-445C-8EB5-A250799BEA75}.Debug|Any CPU.Build.0 = Debug|Any CPU
		{FD11E8C3-0E70-445C-8EB5-A250799BEA75}.Debug|ARM.ActiveCfg = Debug|Any CPU
		{FD11E8C3-0E70-445C-8EB5-A250799BEA75}.Debug|ARM.Build.0 = Debug|Any CPU
		{FD11E8C3-0E70-445C-8EB5-A250799BEA75}.Debug|x64.ActiveCfg = Debug|Any CPU
		{FD11E8C3-0E70-445C-8EB5-A250799BEA75}.Debug|x64.Build.0 = Debug|Any CPU
		{FD11E8C3-0E70-445C-8EB5-A250799BEA75}.Debug|x86.ActiveCfg = Debug|Any CPU
		{FD11E8C3-0E70-445C-8EB5-A250799BEA75}.Debug|x86.Build.0 = Debug|Any CPU
		{FD11E8C3-0E70-445C-8EB5-A250799BEA75}.Release|Any CPU.ActiveCfg = Release|Any CPU
		{FD11E8C3-0E70-445C-8EB5-A250799BEA75}.Release|Any CPU.Build.0 = Release|Any CPU
		{FD11E8C3-0E70-445C-8EB5-A250799BEA75}.Release|ARM.ActiveCfg = Release|Any CPU
		{FD11E8C3-0E70-445C-8EB5-A250799BEA75}.Release|ARM.Build.0 = Release|Any CPU
		{FD11E8C3-0E70-445C-8EB5-A250799BEA75}.Release|x64.ActiveCfg = Release|Any CPU
		{FD11E8C3-0E70-445C-8EB5-A250799BEA75}.Release|x64.Build.0 = Release|Any CPU
		{FD11E8C3-0E70-445C-8EB5-A250799BEA75}.Release|x86.ActiveCfg = Release|Any CPU
		{FD11E8C3-0E70-445C-8EB5-A250799BEA75}.Release|x86.Build.0 = Release|Any CPU
		{58EBD0DA-29A2-43A9-BE50-4ACB3AC6BEE7}.Debug|Any CPU.ActiveCfg = Debug|Any CPU
		{58EBD0DA-29A2-43A9-BE50-4ACB3AC6BEE7}.Debug|Any CPU.Build.0 = Debug|Any CPU
		{58EBD0DA-29A2-43A9-BE50-4ACB3AC6BEE7}.Debug|ARM.ActiveCfg = Debug|Any CPU
		{58EBD0DA-29A2-43A9-BE50-4ACB3AC6BEE7}.Debug|ARM.Build.0 = Debug|Any CPU
		{58EBD0DA-29A2-43A9-BE50-4ACB3AC6BEE7}.Debug|x64.ActiveCfg = Debug|Any CPU
		{58EBD0DA-29A2-43A9-BE50-4ACB3AC6BEE7}.Debug|x64.Build.0 = Debug|Any CPU
		{58EBD0DA-29A2-43A9-BE50-4ACB3AC6BEE7}.Debug|x86.ActiveCfg = Debug|Any CPU
		{58EBD0DA-29A2-43A9-BE50-4ACB3AC6BEE7}.Debug|x86.Build.0 = Debug|Any CPU
		{58EBD0DA-29A2-43A9-BE50-4ACB3AC6BEE7}.Release|Any CPU.ActiveCfg = Release|Any CPU
		{58EBD0DA-29A2-43A9-BE50-4ACB3AC6BEE7}.Release|Any CPU.Build.0 = Release|Any CPU
		{58EBD0DA-29A2-43A9-BE50-4ACB3AC6BEE7}.Release|ARM.ActiveCfg = Release|Any CPU
		{58EBD0DA-29A2-43A9-BE50-4ACB3AC6BEE7}.Release|ARM.Build.0 = Release|Any CPU
		{58EBD0DA-29A2-43A9-BE50-4ACB3AC6BEE7}.Release|x64.ActiveCfg = Release|Any CPU
		{58EBD0DA-29A2-43A9-BE50-4ACB3AC6BEE7}.Release|x64.Build.0 = Release|Any CPU
		{58EBD0DA-29A2-43A9-BE50-4ACB3AC6BEE7}.Release|x86.ActiveCfg = Release|Any CPU
		{58EBD0DA-29A2-43A9-BE50-4ACB3AC6BEE7}.Release|x86.Build.0 = Release|Any CPU
		{950F87BE-7293-468A-9DDB-5795F55A3E9C}.Debug|Any CPU.ActiveCfg = Debug|Any CPU
		{950F87BE-7293-468A-9DDB-5795F55A3E9C}.Debug|Any CPU.Build.0 = Debug|Any CPU
		{950F87BE-7293-468A-9DDB-5795F55A3E9C}.Debug|ARM.ActiveCfg = Debug|Any CPU
		{950F87BE-7293-468A-9DDB-5795F55A3E9C}.Debug|ARM.Build.0 = Debug|Any CPU
		{950F87BE-7293-468A-9DDB-5795F55A3E9C}.Debug|x64.ActiveCfg = Debug|Any CPU
		{950F87BE-7293-468A-9DDB-5795F55A3E9C}.Debug|x64.Build.0 = Debug|Any CPU
		{950F87BE-7293-468A-9DDB-5795F55A3E9C}.Debug|x86.ActiveCfg = Debug|Any CPU
		{950F87BE-7293-468A-9DDB-5795F55A3E9C}.Debug|x86.Build.0 = Debug|Any CPU
		{950F87BE-7293-468A-9DDB-5795F55A3E9C}.Release|Any CPU.ActiveCfg = Release|Any CPU
		{950F87BE-7293-468A-9DDB-5795F55A3E9C}.Release|Any CPU.Build.0 = Release|Any CPU
		{950F87BE-7293-468A-9DDB-5795F55A3E9C}.Release|ARM.ActiveCfg = Release|Any CPU
		{950F87BE-7293-468A-9DDB-5795F55A3E9C}.Release|ARM.Build.0 = Release|Any CPU
		{950F87BE-7293-468A-9DDB-5795F55A3E9C}.Release|x64.ActiveCfg = Release|Any CPU
		{950F87BE-7293-468A-9DDB-5795F55A3E9C}.Release|x64.Build.0 = Release|Any CPU
		{950F87BE-7293-468A-9DDB-5795F55A3E9C}.Release|x86.ActiveCfg = Release|Any CPU
		{950F87BE-7293-468A-9DDB-5795F55A3E9C}.Release|x86.Build.0 = Release|Any CPU
		{959A71EB-7E9F-4343-8A81-402EAAE7C0AD}.Debug|Any CPU.ActiveCfg = Debug|Any CPU
		{959A71EB-7E9F-4343-8A81-402EAAE7C0AD}.Debug|Any CPU.Build.0 = Debug|Any CPU
		{959A71EB-7E9F-4343-8A81-402EAAE7C0AD}.Debug|ARM.ActiveCfg = Debug|Any CPU
		{959A71EB-7E9F-4343-8A81-402EAAE7C0AD}.Debug|ARM.Build.0 = Debug|Any CPU
		{959A71EB-7E9F-4343-8A81-402EAAE7C0AD}.Debug|x64.ActiveCfg = Debug|Any CPU
		{959A71EB-7E9F-4343-8A81-402EAAE7C0AD}.Debug|x64.Build.0 = Debug|Any CPU
		{959A71EB-7E9F-4343-8A81-402EAAE7C0AD}.Debug|x86.ActiveCfg = Debug|Any CPU
		{959A71EB-7E9F-4343-8A81-402EAAE7C0AD}.Debug|x86.Build.0 = Debug|Any CPU
		{959A71EB-7E9F-4343-8A81-402EAAE7C0AD}.Release|Any CPU.ActiveCfg = Release|Any CPU
		{959A71EB-7E9F-4343-8A81-402EAAE7C0AD}.Release|Any CPU.Build.0 = Release|Any CPU
		{959A71EB-7E9F-4343-8A81-402EAAE7C0AD}.Release|ARM.ActiveCfg = Release|Any CPU
		{959A71EB-7E9F-4343-8A81-402EAAE7C0AD}.Release|ARM.Build.0 = Release|Any CPU
		{959A71EB-7E9F-4343-8A81-402EAAE7C0AD}.Release|x64.ActiveCfg = Release|Any CPU
		{959A71EB-7E9F-4343-8A81-402EAAE7C0AD}.Release|x64.Build.0 = Release|Any CPU
		{959A71EB-7E9F-4343-8A81-402EAAE7C0AD}.Release|x86.ActiveCfg = Release|Any CPU
		{959A71EB-7E9F-4343-8A81-402EAAE7C0AD}.Release|x86.Build.0 = Release|Any CPU
		{D6ECD6D8-BB93-4CF6-85F0-5EEB2E5860A6}.Debug|Any CPU.ActiveCfg = Debug|Any CPU
		{D6ECD6D8-BB93-4CF6-85F0-5EEB2E5860A6}.Debug|Any CPU.Build.0 = Debug|Any CPU
		{D6ECD6D8-BB93-4CF6-85F0-5EEB2E5860A6}.Debug|ARM.ActiveCfg = Debug|Any CPU
		{D6ECD6D8-BB93-4CF6-85F0-5EEB2E5860A6}.Debug|ARM.Build.0 = Debug|Any CPU
		{D6ECD6D8-BB93-4CF6-85F0-5EEB2E5860A6}.Debug|x64.ActiveCfg = Debug|Any CPU
		{D6ECD6D8-BB93-4CF6-85F0-5EEB2E5860A6}.Debug|x64.Build.0 = Debug|Any CPU
		{D6ECD6D8-BB93-4CF6-85F0-5EEB2E5860A6}.Debug|x86.ActiveCfg = Debug|Any CPU
		{D6ECD6D8-BB93-4CF6-85F0-5EEB2E5860A6}.Debug|x86.Build.0 = Debug|Any CPU
		{D6ECD6D8-BB93-4CF6-85F0-5EEB2E5860A6}.Release|Any CPU.ActiveCfg = Release|Any CPU
		{D6ECD6D8-BB93-4CF6-85F0-5EEB2E5860A6}.Release|Any CPU.Build.0 = Release|Any CPU
		{D6ECD6D8-BB93-4CF6-85F0-5EEB2E5860A6}.Release|ARM.ActiveCfg = Release|Any CPU
		{D6ECD6D8-BB93-4CF6-85F0-5EEB2E5860A6}.Release|ARM.Build.0 = Release|Any CPU
		{D6ECD6D8-BB93-4CF6-85F0-5EEB2E5860A6}.Release|x64.ActiveCfg = Release|Any CPU
		{D6ECD6D8-BB93-4CF6-85F0-5EEB2E5860A6}.Release|x64.Build.0 = Release|Any CPU
		{D6ECD6D8-BB93-4CF6-85F0-5EEB2E5860A6}.Release|x86.ActiveCfg = Release|Any CPU
		{D6ECD6D8-BB93-4CF6-85F0-5EEB2E5860A6}.Release|x86.Build.0 = Release|Any CPU
		{A7C7C7E3-BBC3-4141-A303-B50C37796281}.Debug|Any CPU.ActiveCfg = Debug|Any CPU
		{A7C7C7E3-BBC3-4141-A303-B50C37796281}.Debug|Any CPU.Build.0 = Debug|Any CPU
		{A7C7C7E3-BBC3-4141-A303-B50C37796281}.Debug|ARM.ActiveCfg = Debug|Any CPU
		{A7C7C7E3-BBC3-4141-A303-B50C37796281}.Debug|ARM.Build.0 = Debug|Any CPU
		{A7C7C7E3-BBC3-4141-A303-B50C37796281}.Debug|x64.ActiveCfg = Debug|Any CPU
		{A7C7C7E3-BBC3-4141-A303-B50C37796281}.Debug|x64.Build.0 = Debug|Any CPU
		{A7C7C7E3-BBC3-4141-A303-B50C37796281}.Debug|x86.ActiveCfg = Debug|Any CPU
		{A7C7C7E3-BBC3-4141-A303-B50C37796281}.Debug|x86.Build.0 = Debug|Any CPU
		{A7C7C7E3-BBC3-4141-A303-B50C37796281}.Release|Any CPU.ActiveCfg = Release|Any CPU
		{A7C7C7E3-BBC3-4141-A303-B50C37796281}.Release|Any CPU.Build.0 = Release|Any CPU
		{A7C7C7E3-BBC3-4141-A303-B50C37796281}.Release|ARM.ActiveCfg = Release|Any CPU
		{A7C7C7E3-BBC3-4141-A303-B50C37796281}.Release|ARM.Build.0 = Release|Any CPU
		{A7C7C7E3-BBC3-4141-A303-B50C37796281}.Release|x64.ActiveCfg = Release|Any CPU
		{A7C7C7E3-BBC3-4141-A303-B50C37796281}.Release|x64.Build.0 = Release|Any CPU
		{A7C7C7E3-BBC3-4141-A303-B50C37796281}.Release|x86.ActiveCfg = Release|Any CPU
		{A7C7C7E3-BBC3-4141-A303-B50C37796281}.Release|x86.Build.0 = Release|Any CPU
		{11D3D7D5-36B5-43A8-8A79-7269343BEA50}.Debug|Any CPU.ActiveCfg = Debug|Any CPU
		{11D3D7D5-36B5-43A8-8A79-7269343BEA50}.Debug|Any CPU.Build.0 = Debug|Any CPU
		{11D3D7D5-36B5-43A8-8A79-7269343BEA50}.Debug|ARM.ActiveCfg = Debug|Any CPU
		{11D3D7D5-36B5-43A8-8A79-7269343BEA50}.Debug|ARM.Build.0 = Debug|Any CPU
		{11D3D7D5-36B5-43A8-8A79-7269343BEA50}.Debug|x64.ActiveCfg = Debug|Any CPU
		{11D3D7D5-36B5-43A8-8A79-7269343BEA50}.Debug|x64.Build.0 = Debug|Any CPU
		{11D3D7D5-36B5-43A8-8A79-7269343BEA50}.Debug|x86.ActiveCfg = Debug|Any CPU
		{11D3D7D5-36B5-43A8-8A79-7269343BEA50}.Debug|x86.Build.0 = Debug|Any CPU
		{11D3D7D5-36B5-43A8-8A79-7269343BEA50}.Release|Any CPU.ActiveCfg = Release|Any CPU
		{11D3D7D5-36B5-43A8-8A79-7269343BEA50}.Release|Any CPU.Build.0 = Release|Any CPU
		{11D3D7D5-36B5-43A8-8A79-7269343BEA50}.Release|ARM.ActiveCfg = Release|Any CPU
		{11D3D7D5-36B5-43A8-8A79-7269343BEA50}.Release|ARM.Build.0 = Release|Any CPU
		{11D3D7D5-36B5-43A8-8A79-7269343BEA50}.Release|x64.ActiveCfg = Release|Any CPU
		{11D3D7D5-36B5-43A8-8A79-7269343BEA50}.Release|x64.Build.0 = Release|Any CPU
		{11D3D7D5-36B5-43A8-8A79-7269343BEA50}.Release|x86.ActiveCfg = Release|Any CPU
		{11D3D7D5-36B5-43A8-8A79-7269343BEA50}.Release|x86.Build.0 = Release|Any CPU
		{6874AC0E-FB58-488E-AAC3-4D1B724CF5DA}.Debug|Any CPU.ActiveCfg = Debug|Any CPU
		{6874AC0E-FB58-488E-AAC3-4D1B724CF5DA}.Debug|Any CPU.Build.0 = Debug|Any CPU
		{6874AC0E-FB58-488E-AAC3-4D1B724CF5DA}.Debug|ARM.ActiveCfg = Debug|Any CPU
		{6874AC0E-FB58-488E-AAC3-4D1B724CF5DA}.Debug|ARM.Build.0 = Debug|Any CPU
		{6874AC0E-FB58-488E-AAC3-4D1B724CF5DA}.Debug|x64.ActiveCfg = Debug|Any CPU
		{6874AC0E-FB58-488E-AAC3-4D1B724CF5DA}.Debug|x64.Build.0 = Debug|Any CPU
		{6874AC0E-FB58-488E-AAC3-4D1B724CF5DA}.Debug|x86.ActiveCfg = Debug|Any CPU
		{6874AC0E-FB58-488E-AAC3-4D1B724CF5DA}.Debug|x86.Build.0 = Debug|Any CPU
		{6874AC0E-FB58-488E-AAC3-4D1B724CF5DA}.Release|Any CPU.ActiveCfg = Release|Any CPU
		{6874AC0E-FB58-488E-AAC3-4D1B724CF5DA}.Release|Any CPU.Build.0 = Release|Any CPU
		{6874AC0E-FB58-488E-AAC3-4D1B724CF5DA}.Release|ARM.ActiveCfg = Release|Any CPU
		{6874AC0E-FB58-488E-AAC3-4D1B724CF5DA}.Release|ARM.Build.0 = Release|Any CPU
		{6874AC0E-FB58-488E-AAC3-4D1B724CF5DA}.Release|x64.ActiveCfg = Release|Any CPU
		{6874AC0E-FB58-488E-AAC3-4D1B724CF5DA}.Release|x64.Build.0 = Release|Any CPU
		{6874AC0E-FB58-488E-AAC3-4D1B724CF5DA}.Release|x86.ActiveCfg = Release|Any CPU
		{6874AC0E-FB58-488E-AAC3-4D1B724CF5DA}.Release|x86.Build.0 = Release|Any CPU
		{FEFDA2F4-E90D-42C9-A4D0-EBE3130D7B6F}.Debug|Any CPU.ActiveCfg = Debug|Any CPU
		{FEFDA2F4-E90D-42C9-A4D0-EBE3130D7B6F}.Debug|Any CPU.Build.0 = Debug|Any CPU
		{FEFDA2F4-E90D-42C9-A4D0-EBE3130D7B6F}.Debug|ARM.ActiveCfg = Debug|Any CPU
		{FEFDA2F4-E90D-42C9-A4D0-EBE3130D7B6F}.Debug|ARM.Build.0 = Debug|Any CPU
		{FEFDA2F4-E90D-42C9-A4D0-EBE3130D7B6F}.Debug|x64.ActiveCfg = Debug|Any CPU
		{FEFDA2F4-E90D-42C9-A4D0-EBE3130D7B6F}.Debug|x64.Build.0 = Debug|Any CPU
		{FEFDA2F4-E90D-42C9-A4D0-EBE3130D7B6F}.Debug|x86.ActiveCfg = Debug|Any CPU
		{FEFDA2F4-E90D-42C9-A4D0-EBE3130D7B6F}.Debug|x86.Build.0 = Debug|Any CPU
		{FEFDA2F4-E90D-42C9-A4D0-EBE3130D7B6F}.Release|Any CPU.ActiveCfg = Release|Any CPU
		{FEFDA2F4-E90D-42C9-A4D0-EBE3130D7B6F}.Release|Any CPU.Build.0 = Release|Any CPU
		{FEFDA2F4-E90D-42C9-A4D0-EBE3130D7B6F}.Release|ARM.ActiveCfg = Release|Any CPU
		{FEFDA2F4-E90D-42C9-A4D0-EBE3130D7B6F}.Release|ARM.Build.0 = Release|Any CPU
		{FEFDA2F4-E90D-42C9-A4D0-EBE3130D7B6F}.Release|x64.ActiveCfg = Release|Any CPU
		{FEFDA2F4-E90D-42C9-A4D0-EBE3130D7B6F}.Release|x64.Build.0 = Release|Any CPU
		{FEFDA2F4-E90D-42C9-A4D0-EBE3130D7B6F}.Release|x86.ActiveCfg = Release|Any CPU
		{FEFDA2F4-E90D-42C9-A4D0-EBE3130D7B6F}.Release|x86.Build.0 = Release|Any CPU
		{27C5B8A4-6D1F-4BC6-A41C-93ACDED9D922}.Debug|Any CPU.ActiveCfg = Debug|Any CPU
		{27C5B8A4-6D1F-4BC6-A41C-93ACDED9D922}.Debug|Any CPU.Build.0 = Debug|Any CPU
		{27C5B8A4-6D1F-4BC6-A41C-93ACDED9D922}.Debug|ARM.ActiveCfg = Debug|Any CPU
		{27C5B8A4-6D1F-4BC6-A41C-93ACDED9D922}.Debug|ARM.Build.0 = Debug|Any CPU
		{27C5B8A4-6D1F-4BC6-A41C-93ACDED9D922}.Debug|x64.ActiveCfg = Debug|Any CPU
		{27C5B8A4-6D1F-4BC6-A41C-93ACDED9D922}.Debug|x64.Build.0 = Debug|Any CPU
		{27C5B8A4-6D1F-4BC6-A41C-93ACDED9D922}.Debug|x86.ActiveCfg = Debug|Any CPU
		{27C5B8A4-6D1F-4BC6-A41C-93ACDED9D922}.Debug|x86.Build.0 = Debug|Any CPU
		{27C5B8A4-6D1F-4BC6-A41C-93ACDED9D922}.Release|Any CPU.ActiveCfg = Release|Any CPU
		{27C5B8A4-6D1F-4BC6-A41C-93ACDED9D922}.Release|Any CPU.Build.0 = Release|Any CPU
		{27C5B8A4-6D1F-4BC6-A41C-93ACDED9D922}.Release|ARM.ActiveCfg = Release|Any CPU
		{27C5B8A4-6D1F-4BC6-A41C-93ACDED9D922}.Release|ARM.Build.0 = Release|Any CPU
		{27C5B8A4-6D1F-4BC6-A41C-93ACDED9D922}.Release|x64.ActiveCfg = Release|Any CPU
		{27C5B8A4-6D1F-4BC6-A41C-93ACDED9D922}.Release|x64.Build.0 = Release|Any CPU
		{27C5B8A4-6D1F-4BC6-A41C-93ACDED9D922}.Release|x86.ActiveCfg = Release|Any CPU
		{27C5B8A4-6D1F-4BC6-A41C-93ACDED9D922}.Release|x86.Build.0 = Release|Any CPU
		{001FAE93-D32D-4A25-AED6-19529FF2A1EA}.Debug|Any CPU.ActiveCfg = Debug|Any CPU
		{001FAE93-D32D-4A25-AED6-19529FF2A1EA}.Debug|Any CPU.Build.0 = Debug|Any CPU
		{001FAE93-D32D-4A25-AED6-19529FF2A1EA}.Debug|ARM.ActiveCfg = Debug|Any CPU
		{001FAE93-D32D-4A25-AED6-19529FF2A1EA}.Debug|ARM.Build.0 = Debug|Any CPU
		{001FAE93-D32D-4A25-AED6-19529FF2A1EA}.Debug|x64.ActiveCfg = Debug|Any CPU
		{001FAE93-D32D-4A25-AED6-19529FF2A1EA}.Debug|x64.Build.0 = Debug|Any CPU
		{001FAE93-D32D-4A25-AED6-19529FF2A1EA}.Debug|x86.ActiveCfg = Debug|Any CPU
		{001FAE93-D32D-4A25-AED6-19529FF2A1EA}.Debug|x86.Build.0 = Debug|Any CPU
		{001FAE93-D32D-4A25-AED6-19529FF2A1EA}.Release|Any CPU.ActiveCfg = Release|Any CPU
		{001FAE93-D32D-4A25-AED6-19529FF2A1EA}.Release|Any CPU.Build.0 = Release|Any CPU
		{001FAE93-D32D-4A25-AED6-19529FF2A1EA}.Release|ARM.ActiveCfg = Release|Any CPU
		{001FAE93-D32D-4A25-AED6-19529FF2A1EA}.Release|ARM.Build.0 = Release|Any CPU
		{001FAE93-D32D-4A25-AED6-19529FF2A1EA}.Release|x64.ActiveCfg = Release|Any CPU
		{001FAE93-D32D-4A25-AED6-19529FF2A1EA}.Release|x64.Build.0 = Release|Any CPU
		{001FAE93-D32D-4A25-AED6-19529FF2A1EA}.Release|x86.ActiveCfg = Release|Any CPU
		{001FAE93-D32D-4A25-AED6-19529FF2A1EA}.Release|x86.Build.0 = Release|Any CPU
	EndGlobalSection
	GlobalSection(SolutionProperties) = preSolution
		HideSolutionNode = FALSE
	EndGlobalSection
EndGlobal
