
Microsoft Visual Studio Solution File, Format Version 12.00
# Visual Studio 2013
VisualStudioVersion = 12.0.21005.1
MinimumVisualStudioVersion = 10.0.40219.1
Project("{FAE04EC0-301F-11D3-BF4B-00C04F79EFBC}") = "Module01", "Module01\Module01.csproj", "{A70391DA-2333-4E95-ADF4-217CD6F99408}"
EndProject
Project("{FAE04EC0-301F-11D3-BF4B-00C04F79EFBC}") = "Module02", "Module02\Module02.csproj", "{081EB10C-D417-4EB1-9137-E9933442027E}"
EndProject
Project("{FAE04EC0-301F-11D3-BF4B-00C04F79EFBC}") = "Module03", "Module03\Module03.csproj", "{C87DD9CB-AF91-4182-A036-4E5E84783681}"
EndProject
Project("{FAE04EC0-301F-11D3-BF4B-00C04F79EFBC}") = "Module04", "Module04\Module04.csproj", "{7C58B5A1-D38F-490A-ABAF-DE686814E9AE}"
EndProject
Project("{FAE04EC0-301F-11D3-BF4B-00C04F79EFBC}") = "Module05", "Module05\Module05.csproj", "{BF948445-C2A2-49D2-8C6A-C2F531209B04}"
EndProject
Global
	GlobalSection(SolutionConfigurationPlatforms) = preSolution
		Debug|Any CPU = Debug|Any CPU
		Debug|ARM = Debug|ARM
		Debug|x64 = Debug|x64
		Debug|x86 = Debug|x86
		Release|Any CPU = Release|Any CPU
		Release|ARM = Release|ARM
		Release|x64 = Release|x64
		Release|x86 = Release|x86
	EndGlobalSection
	GlobalSection(ProjectConfigurationPlatforms) = postSolution
		{A70391DA-2333-4E95-ADF4-217CD6F99408}.Debug|Any CPU.ActiveCfg = Debug|Any CPU
		{A70391DA-2333-4E95-ADF4-217CD6F99408}.Debug|Any CPU.Build.0 = Debug|Any CPU
		{A70391DA-2333-4E95-ADF4-217CD6F99408}.Debug|Any CPU.Deploy.0 = Debug|Any CPU
		{A70391DA-2333-4E95-ADF4-217CD6F99408}.Debug|ARM.ActiveCfg = Debug|ARM
		{A70391DA-2333-4E95-ADF4-217CD6F99408}.Debug|ARM.Build.0 = Debug|ARM
		{A70391DA-2333-4E95-ADF4-217CD6F99408}.Debug|ARM.Deploy.0 = Debug|ARM
		{A70391DA-2333-4E95-ADF4-217CD6F99408}.Debug|x64.ActiveCfg = Debug|x64
		{A70391DA-2333-4E95-ADF4-217CD6F99408}.Debug|x64.Build.0 = Debug|x64
		{A70391DA-2333-4E95-ADF4-217CD6F99408}.Debug|x64.Deploy.0 = Debug|x64
		{A70391DA-2333-4E95-ADF4-217CD6F99408}.Debug|x86.ActiveCfg = Debug|x86
		{A70391DA-2333-4E95-ADF4-217CD6F99408}.Debug|x86.Build.0 = Debug|x86
		{A70391DA-2333-4E95-ADF4-217CD6F99408}.Debug|x86.Deploy.0 = Debug|x86
		{A70391DA-2333-4E95-ADF4-217CD6F99408}.Release|Any CPU.ActiveCfg = Release|Any CPU
		{A70391DA-2333-4E95-ADF4-217CD6F99408}.Release|Any CPU.Build.0 = Release|Any CPU
		{A70391DA-2333-4E95-ADF4-217CD6F99408}.Release|Any CPU.Deploy.0 = Release|Any CPU
		{A70391DA-2333-4E95-ADF4-217CD6F99408}.Release|ARM.ActiveCfg = Release|ARM
		{A70391DA-2333-4E95-ADF4-217CD6F99408}.Release|ARM.Build.0 = Release|ARM
		{A70391DA-2333-4E95-ADF4-217CD6F99408}.Release|ARM.Deploy.0 = Release|ARM
		{A70391DA-2333-4E95-ADF4-217CD6F99408}.Release|x64.ActiveCfg = Release|x64
		{A70391DA-2333-4E95-ADF4-217CD6F99408}.Release|x64.Build.0 = Release|x64
		{A70391DA-2333-4E95-ADF4-217CD6F99408}.Release|x64.Deploy.0 = Release|x64
		{A70391DA-2333-4E95-ADF4-217CD6F99408}.Release|x86.ActiveCfg = Release|x86
		{A70391DA-2333-4E95-ADF4-217CD6F99408}.Release|x86.Build.0 = Release|x86
		{A70391DA-2333-4E95-ADF4-217CD6F99408}.Release|x86.Deploy.0 = Release|x86
		{081EB10C-D417-4EB1-9137-E9933442027E}.Debug|Any CPU.ActiveCfg = Debug|Any CPU
		{081EB10C-D417-4EB1-9137-E9933442027E}.Debug|Any CPU.Build.0 = Debug|Any CPU
		{081EB10C-D417-4EB1-9137-E9933442027E}.Debug|Any CPU.Deploy.0 = Debug|Any CPU
		{081EB10C-D417-4EB1-9137-E9933442027E}.Debug|ARM.ActiveCfg = Debug|ARM
		{081EB10C-D417-4EB1-9137-E9933442027E}.Debug|ARM.Build.0 = Debug|ARM
		{081EB10C-D417-4EB1-9137-E9933442027E}.Debug|ARM.Deploy.0 = Debug|ARM
		{081EB10C-D417-4EB1-9137-E9933442027E}.Debug|x64.ActiveCfg = Debug|x64
		{081EB10C-D417-4EB1-9137-E9933442027E}.Debug|x64.Build.0 = Debug|x64
		{081EB10C-D417-4EB1-9137-E9933442027E}.Debug|x64.Deploy.0 = Debug|x64
		{081EB10C-D417-4EB1-9137-E9933442027E}.Debug|x86.ActiveCfg = Debug|x86
		{081EB10C-D417-4EB1-9137-E9933442027E}.Debug|x86.Build.0 = Debug|x86
		{081EB10C-D417-4EB1-9137-E9933442027E}.Debug|x86.Deploy.0 = Debug|x86
		{081EB10C-D417-4EB1-9137-E9933442027E}.Release|Any CPU.ActiveCfg = Release|Any CPU
		{081EB10C-D417-4EB1-9137-E9933442027E}.Release|Any CPU.Build.0 = Release|Any CPU
		{081EB10C-D417-4EB1-9137-E9933442027E}.Release|Any CPU.Deploy.0 = Release|Any CPU
		{081EB10C-D417-4EB1-9137-E9933442027E}.Release|ARM.ActiveCfg = Release|ARM
		{081EB10C-D417-4EB1-9137-E9933442027E}.Release|ARM.Build.0 = Release|ARM
		{081EB10C-D417-4EB1-9137-E9933442027E}.Release|ARM.Deploy.0 = Release|ARM
		{081EB10C-D417-4EB1-9137-E9933442027E}.Release|x64.ActiveCfg = Release|x64
		{081EB10C-D417-4EB1-9137-E9933442027E}.Release|x64.Build.0 = Release|x64
		{081EB10C-D417-4EB1-9137-E9933442027E}.Release|x64.Deploy.0 = Release|x64
		{081EB10C-D417-4EB1-9137-E9933442027E}.Release|x86.ActiveCfg = Release|x86
		{081EB10C-D417-4EB1-9137-E9933442027E}.Release|x86.Build.0 = Release|x86
		{081EB10C-D417-4EB1-9137-E9933442027E}.Release|x86.Deploy.0 = Release|x86
		{C87DD9CB-AF91-4182-A036-4E5E84783681}.Debug|Any CPU.ActiveCfg = Debug|Any CPU
		{C87DD9CB-AF91-4182-A036-4E5E84783681}.Debug|Any CPU.Build.0 = Debug|Any CPU
		{C87DD9CB-AF91-4182-A036-4E5E84783681}.Debug|Any CPU.Deploy.0 = Debug|Any CPU
		{C87DD9CB-AF91-4182-A036-4E5E84783681}.Debug|ARM.ActiveCfg = Debug|ARM
		{C87DD9CB-AF91-4182-A036-4E5E84783681}.Debug|ARM.Build.0 = Debug|ARM
		{C87DD9CB-AF91-4182-A036-4E5E84783681}.Debug|ARM.Deploy.0 = Debug|ARM
		{C87DD9CB-AF91-4182-A036-4E5E84783681}.Debug|x64.ActiveCfg = Debug|x64
		{C87DD9CB-AF91-4182-A036-4E5E84783681}.Debug|x64.Build.0 = Debug|x64
		{C87DD9CB-AF91-4182-A036-4E5E84783681}.Debug|x64.Deploy.0 = Debug|x64
		{C87DD9CB-AF91-4182-A036-4E5E84783681}.Debug|x86.ActiveCfg = Debug|x86
		{C87DD9CB-AF91-4182-A036-4E5E84783681}.Debug|x86.Build.0 = Debug|x86
		{C87DD9CB-AF91-4182-A036-4E5E84783681}.Debug|x86.Deploy.0 = Debug|x86
		{C87DD9CB-AF91-4182-A036-4E5E84783681}.Release|Any CPU.ActiveCfg = Release|Any CPU
		{C87DD9CB-AF91-4182-A036-4E5E84783681}.Release|Any CPU.Build.0 = Release|Any CPU
		{C87DD9CB-AF91-4182-A036-4E5E84783681}.Release|Any CPU.Deploy.0 = Release|Any CPU
		{C87DD9CB-AF91-4182-A036-4E5E84783681}.Release|ARM.ActiveCfg = Release|ARM
		{C87DD9CB-AF91-4182-A036-4E5E84783681}.Release|ARM.Build.0 = Release|ARM
		{C87DD9CB-AF91-4182-A036-4E5E84783681}.Release|ARM.Deploy.0 = Release|ARM
		{C87DD9CB-AF91-4182-A036-4E5E84783681}.Release|x64.ActiveCfg = Release|x64
		{C87DD9CB-AF91-4182-A036-4E5E84783681}.Release|x64.Build.0 = Release|x64
		{C87DD9CB-AF91-4182-A036-4E5E84783681}.Release|x64.Deploy.0 = Release|x64
		{C87DD9CB-AF91-4182-A036-4E5E84783681}.Release|x86.ActiveCfg = Release|x86
		{C87DD9CB-AF91-4182-A036-4E5E84783681}.Release|x86.Build.0 = Release|x86
		{C87DD9CB-AF91-4182-A036-4E5E84783681}.Release|x86.Deploy.0 = Release|x86
		{7C58B5A1-D38F-490A-ABAF-DE686814E9AE}.Debug|Any CPU.ActiveCfg = Debug|Any CPU
		{7C58B5A1-D38F-490A-ABAF-DE686814E9AE}.Debug|Any CPU.Build.0 = Debug|Any CPU
		{7C58B5A1-D38F-490A-ABAF-DE686814E9AE}.Debug|Any CPU.Deploy.0 = Debug|Any CPU
		{7C58B5A1-D38F-490A-ABAF-DE686814E9AE}.Debug|ARM.ActiveCfg = Debug|ARM
		{7C58B5A1-D38F-490A-ABAF-DE686814E9AE}.Debug|ARM.Build.0 = Debug|ARM
		{7C58B5A1-D38F-490A-ABAF-DE686814E9AE}.Debug|ARM.Deploy.0 = Debug|ARM
		{7C58B5A1-D38F-490A-ABAF-DE686814E9AE}.Debug|x64.ActiveCfg = Debug|x64
		{7C58B5A1-D38F-490A-ABAF-DE686814E9AE}.Debug|x64.Build.0 = Debug|x64
		{7C58B5A1-D38F-490A-ABAF-DE686814E9AE}.Debug|x64.Deploy.0 = Debug|x64
		{7C58B5A1-D38F-490A-ABAF-DE686814E9AE}.Debug|x86.ActiveCfg = Debug|x86
		{7C58B5A1-D38F-490A-ABAF-DE686814E9AE}.Debug|x86.Build.0 = Debug|x86
		{7C58B5A1-D38F-490A-ABAF-DE686814E9AE}.Debug|x86.Deploy.0 = Debug|x86
		{7C58B5A1-D38F-490A-ABAF-DE686814E9AE}.Release|Any CPU.ActiveCfg = Release|Any CPU
		{7C58B5A1-D38F-490A-ABAF-DE686814E9AE}.Release|Any CPU.Build.0 = Release|Any CPU
		{7C58B5A1-D38F-490A-ABAF-DE686814E9AE}.Release|Any CPU.Deploy.0 = Release|Any CPU
		{7C58B5A1-D38F-490A-ABAF-DE686814E9AE}.Release|ARM.ActiveCfg = Release|ARM
		{7C58B5A1-D38F-490A-ABAF-DE686814E9AE}.Release|ARM.Build.0 = Release|ARM
		{7C58B5A1-D38F-490A-ABAF-DE686814E9AE}.Release|ARM.Deploy.0 = Release|ARM
		{7C58B5A1-D38F-490A-ABAF-DE686814E9AE}.Release|x64.ActiveCfg = Release|x64
		{7C58B5A1-D38F-490A-ABAF-DE686814E9AE}.Release|x64.Build.0 = Release|x64
		{7C58B5A1-D38F-490A-ABAF-DE686814E9AE}.Release|x64.Deploy.0 = Release|x64
		{7C58B5A1-D38F-490A-ABAF-DE686814E9AE}.Release|x86.ActiveCfg = Release|x86
		{7C58B5A1-D38F-490A-ABAF-DE686814E9AE}.Release|x86.Build.0 = Release|x86
		{7C58B5A1-D38F-490A-ABAF-DE686814E9AE}.Release|x86.Deploy.0 = Release|x86
		{BF948445-C2A2-49D2-8C6A-C2F531209B04}.Debug|Any CPU.ActiveCfg = Debug|Any CPU
		{BF948445-C2A2-49D2-8C6A-C2F531209B04}.Debug|Any CPU.Build.0 = Debug|Any CPU
		{BF948445-C2A2-49D2-8C6A-C2F531209B04}.Debug|Any CPU.Deploy.0 = Debug|Any CPU
		{BF948445-C2A2-49D2-8C6A-C2F531209B04}.Debug|ARM.ActiveCfg = Debug|ARM
		{BF948445-C2A2-49D2-8C6A-C2F531209B04}.Debug|ARM.Build.0 = Debug|ARM
		{BF948445-C2A2-49D2-8C6A-C2F531209B04}.Debug|ARM.Deploy.0 = Debug|ARM
		{BF948445-C2A2-49D2-8C6A-C2F531209B04}.Debug|x64.ActiveCfg = Debug|x64
		{BF948445-C2A2-49D2-8C6A-C2F531209B04}.Debug|x64.Build.0 = Debug|x64
		{BF948445-C2A2-49D2-8C6A-C2F531209B04}.Debug|x64.Deploy.0 = Debug|x64
		{BF948445-C2A2-49D2-8C6A-C2F531209B04}.Debug|x86.ActiveCfg = Debug|x86
		{BF948445-C2A2-49D2-8C6A-C2F531209B04}.Debug|x86.Build.0 = Debug|x86
		{BF948445-C2A2-49D2-8C6A-C2F531209B04}.Debug|x86.Deploy.0 = Debug|x86
		{BF948445-C2A2-49D2-8C6A-C2F531209B04}.Release|Any CPU.ActiveCfg = Release|Any CPU
		{BF948445-C2A2-49D2-8C6A-C2F531209B04}.Release|Any CPU.Build.0 = Release|Any CPU
		{BF948445-C2A2-49D2-8C6A-C2F531209B04}.Release|Any CPU.Deploy.0 = Release|Any CPU
		{BF948445-C2A2-49D2-8C6A-C2F531209B04}.Release|ARM.ActiveCfg = Release|ARM
		{BF948445-C2A2-49D2-8C6A-C2F531209B04}.Release|ARM.Build.0 = Release|ARM
		{BF948445-C2A2-49D2-8C6A-C2F531209B04}.Release|ARM.Deploy.0 = Release|ARM
		{BF948445-C2A2-49D2-8C6A-C2F531209B04}.Release|x64.ActiveCfg = Release|x64
		{BF948445-C2A2-49D2-8C6A-C2F531209B04}.Release|x64.Build.0 = Release|x64
		{BF948445-C2A2-49D2-8C6A-C2F531209B04}.Release|x64.Deploy.0 = Release|x64
		{BF948445-C2A2-49D2-8C6A-C2F531209B04}.Release|x86.ActiveCfg = Release|x86
		{BF948445-C2A2-49D2-8C6A-C2F531209B04}.Release|x86.Build.0 = Release|x86
		{BF948445-C2A2-49D2-8C6A-C2F531209B04}.Release|x86.Deploy.0 = Release|x86
	EndGlobalSection
	GlobalSection(SolutionProperties) = preSolution
		HideSolutionNode = FALSE
	EndGlobalSection
EndGlobal
